
Microsoft Visual Studio Solution File, Format Version 12.00
# Visual Studio Version 16
VisualStudioVersion = 16.0.30330.147
MinimumVisualStudioVersion = 10.0.40219.1
Project("{FAE04EC0-301F-11D3-BF4B-00C04F79EFBC}") = "UsingBlockingCollection", "UsingBlockingCollection\UsingBlockingCollection.csproj", "{5FFA5843-F326-4E03-A03F-C4092D3C054E}"
EndProject
Project("{FAE04EC0-301F-11D3-BF4B-00C04F79EFBC}") = "UsingConcurrentBag", "UsingConcurrentBag\UsingConcurrentBag.csproj", "{CBD2467C-F5E7-47F8-B8B1-4EB581089214}"
EndProject
Project("{FAE04EC0-301F-11D3-BF4B-00C04F79EFBC}") = "UsingConcurrentStack", "UsingConcurrentStack\UsingConcurrentStack.csproj", "{A9E52BD0-6265-4728-B0F7-F101E09DAAD8}"
EndProject
Project("{FAE04EC0-301F-11D3-BF4B-00C04F79EFBC}") = "UsingConcurrentQueue", "UsingConcurrentQueue\UsingConcurrentQueue.csproj", "{FE57182C-FC7E-4D0C-87EB-89A6224FDBD9}"
EndProject
Project("{FAE04EC0-301F-11D3-BF4B-00C04F79EFBC}") = "UsingConcurrentDictionary", "UsingConcurrentDictionary\UsingConcurrentDictionary.csproj", "{6570E8E5-E407-4B1A-824D-937600F9AB43}"
EndProject
Global
	GlobalSection(SolutionConfigurationPlatforms) = preSolution
		Debug|Any CPU = Debug|Any CPU
		Release|Any CPU = Release|Any CPU
	EndGlobalSection
	GlobalSection(ProjectConfigurationPlatforms) = postSolution
		{5FFA5843-F326-4E03-A03F-C4092D3C054E}.Debug|Any CPU.ActiveCfg = Debug|Any CPU
		{5FFA5843-F326-4E03-A03F-C4092D3C054E}.Debug|Any CPU.Build.0 = Debug|Any CPU
		{5FFA5843-F326-4E03-A03F-C4092D3C054E}.Release|Any CPU.ActiveCfg = Release|Any CPU
		{5FFA5843-F326-4E03-A03F-C4092D3C054E}.Release|Any CPU.Build.0 = Release|Any CPU
		{CBD2467C-F5E7-47F8-B8B1-4EB581089214}.Debug|Any CPU.ActiveCfg = Debug|Any CPU
		{CBD2467C-F5E7-47F8-B8B1-4EB581089214}.Debug|Any CPU.Build.0 = Debug|Any CPU
		{CBD2467C-F5E7-47F8-B8B1-4EB581089214}.Release|Any CPU.ActiveCfg = Release|Any CPU
		{CBD2467C-F5E7-47F8-B8B1-4EB581089214}.Release|Any CPU.Build.0 = Release|Any CPU
		{A9E52BD0-6265-4728-B0F7-F101E09DAAD8}.Debug|Any CPU.ActiveCfg = Debug|Any CPU
		{A9E52BD0-6265-4728-B0F7-F101E09DAAD8}.Debug|Any CPU.Build.0 = Debug|Any CPU
		{A9E52BD0-6265-4728-B0F7-F101E09DAAD8}.Release|Any CPU.ActiveCfg = Release|Any CPU
		{A9E52BD0-6265-4728-B0F7-F101E09DAAD8}.Release|Any CPU.Build.0 = Release|Any CPU
		{FE57182C-FC7E-4D0C-87EB-89A6224FDBD9}.Debug|Any CPU.ActiveCfg = Debug|Any CPU
		{FE57182C-FC7E-4D0C-87EB-89A6224FDBD9}.Debug|Any CPU.Build.0 = Debug|Any CPU
		{FE57182C-FC7E-4D0C-87EB-89A6224FDBD9}.Release|Any CPU.ActiveCfg = Release|Any CPU
		{FE57182C-FC7E-4D0C-87EB-89A6224FDBD9}.Release|Any CPU.Build.0 = Release|Any CPU
		{6570E8E5-E407-4B1A-824D-937600F9AB43}.Debug|Any CPU.ActiveCfg = Debug|Any CPU
		{6570E8E5-E407-4B1A-824D-937600F9AB43}.Debug|Any CPU.Build.0 = Debug|Any CPU
		{6570E8E5-E407-4B1A-824D-937600F9AB43}.Release|Any CPU.ActiveCfg = Release|Any CPU
		{6570E8E5-E407-4B1A-824D-937600F9AB43}.Release|Any CPU.Build.0 = Release|Any CPU
	EndGlobalSection
	GlobalSection(SolutionProperties) = preSolution
		HideSolutionNode = FALSE
	EndGlobalSection
	GlobalSection(ExtensibilityGlobals) = postSolution
		SolutionGuid = {6D03A891-7EFE-4963-9743-C6BECD7293BB}
	EndGlobalSection
EndGlobal
