
Microsoft Visual Studio Solution File, Format Version 12.00
# Visual Studio Version 16
VisualStudioVersion = 16.0.30804.86
MinimumVisualStudioVersion = 10.0.40219.1
Project("{9A19103F-16F7-4668-BE54-9A1E7A4F7556}") = "UsingBlockingCollection", "UsingBlockingCollection\UsingBlockingCollection.csproj", "{A2DB954F-A50B-493E-8A94-EF04D9C01BC0}"
EndProject
Project("{9A19103F-16F7-4668-BE54-9A1E7A4F7556}") = "UsingConcurrentBag", "UsingConcurrentBag\UsingConcurrentBag.csproj", "{1D4ECDE1-483F-450E-8EEF-275BE220A7A7}"
EndProject
Project("{9A19103F-16F7-4668-BE54-9A1E7A4F7556}") = "UsingConcurrentDictionary", "UsingConcurrentDictionary\UsingConcurrentDictionary.csproj", "{89A70D47-EF28-411F-90D1-F279DECF981E}"
EndProject
Project("{9A19103F-16F7-4668-BE54-9A1E7A4F7556}") = "UsingConcurrentQueue", "UsingConcurrentQueue\UsingConcurrentQueue.csproj", "{CBA138AB-0C40-4047-BA77-E540AC27321E}"
EndProject
Project("{9A19103F-16F7-4668-BE54-9A1E7A4F7556}") = "UsingConcurrentStack", "UsingConcurrentStack\UsingConcurrentStack.csproj", "{FE123361-C888-4C4C-98AF-0ED9D3EE1CC1}"
EndProject
Global
	GlobalSection(SolutionConfigurationPlatforms) = preSolution
		Debug|Any CPU = Debug|Any CPU
		Release|Any CPU = Release|Any CPU
	EndGlobalSection
	GlobalSection(ProjectConfigurationPlatforms) = postSolution
		{A2DB954F-A50B-493E-8A94-EF04D9C01BC0}.Debug|Any CPU.ActiveCfg = Debug|Any CPU
		{A2DB954F-A50B-493E-8A94-EF04D9C01BC0}.Debug|Any CPU.Build.0 = Debug|Any CPU
		{A2DB954F-A50B-493E-8A94-EF04D9C01BC0}.Release|Any CPU.ActiveCfg = Release|Any CPU
		{A2DB954F-A50B-493E-8A94-EF04D9C01BC0}.Release|Any CPU.Build.0 = Release|Any CPU
		{1D4ECDE1-483F-450E-8EEF-275BE220A7A7}.Debug|Any CPU.ActiveCfg = Debug|Any CPU
		{1D4ECDE1-483F-450E-8EEF-275BE220A7A7}.Debug|Any CPU.Build.0 = Debug|Any CPU
		{1D4ECDE1-483F-450E-8EEF-275BE220A7A7}.Release|Any CPU.ActiveCfg = Release|Any CPU
		{1D4ECDE1-483F-450E-8EEF-275BE220A7A7}.Release|Any CPU.Build.0 = Release|Any CPU
		{89A70D47-EF28-411F-90D1-F279DECF981E}.Debug|Any CPU.ActiveCfg = Debug|Any CPU
		{89A70D47-EF28-411F-90D1-F279DECF981E}.Debug|Any CPU.Build.0 = Debug|Any CPU
		{89A70D47-EF28-411F-90D1-F279DECF981E}.Release|Any CPU.ActiveCfg = Release|Any CPU
		{89A70D47-EF28-411F-90D1-F279DECF981E}.Release|Any CPU.Build.0 = Release|Any CPU
		{CBA138AB-0C40-4047-BA77-E540AC27321E}.Debug|Any CPU.ActiveCfg = Debug|Any CPU
		{CBA138AB-0C40-4047-BA77-E540AC27321E}.Debug|Any CPU.Build.0 = Debug|Any CPU
		{CBA138AB-0C40-4047-BA77-E540AC27321E}.Release|Any CPU.ActiveCfg = Release|Any CPU
		{CBA138AB-0C40-4047-BA77-E540AC27321E}.Release|Any CPU.Build.0 = Release|Any CPU
		{FE123361-C888-4C4C-98AF-0ED9D3EE1CC1}.Debug|Any CPU.ActiveCfg = Debug|Any CPU
		{FE123361-C888-4C4C-98AF-0ED9D3EE1CC1}.Debug|Any CPU.Build.0 = Debug|Any CPU
		{FE123361-C888-4C4C-98AF-0ED9D3EE1CC1}.Release|Any CPU.ActiveCfg = Release|Any CPU
		{FE123361-C888-4C4C-98AF-0ED9D3EE1CC1}.Release|Any CPU.Build.0 = Release|Any CPU
	EndGlobalSection
	GlobalSection(SolutionProperties) = preSolution
		HideSolutionNode = FALSE
	EndGlobalSection
	GlobalSection(ExtensibilityGlobals) = postSolution
		SolutionGuid = {B59CF3B4-14D6-48EC-9F18-69BBBF8C6877}
	EndGlobalSection
EndGlobal
