
Microsoft Visual Studio Solution File, Format Version 12.00
# Visual Studio Version 16
VisualStudioVersion = 16.0.30804.86
MinimumVisualStudioVersion = 10.0.40219.1
Project("{9A19103F-16F7-4668-BE54-9A1E7A4F7556}") = "FileExample", "FileExample\FileExample.csproj", "{6CBF3A9A-E2D4-4050-8A7B-51BF2D939E37}"
EndProject
Project("{9A19103F-16F7-4668-BE54-9A1E7A4F7556}") = "Homework", "Homework\Homework.csproj", "{7BEA5EE2-1CD3-4EE1-A086-88985A3566F4}"
EndProject
Global
	GlobalSection(SolutionConfigurationPlatforms) = preSolution
		Debug|Any CPU = Debug|Any CPU
		Release|Any CPU = Release|Any CPU
	EndGlobalSection
	GlobalSection(ProjectConfigurationPlatforms) = postSolution
		{6CBF3A9A-E2D4-4050-8A7B-51BF2D939E37}.Debug|Any CPU.ActiveCfg = Debug|Any CPU
		{6CBF3A9A-E2D4-4050-8A7B-51BF2D939E37}.Debug|Any CPU.Build.0 = Debug|Any CPU
		{6CBF3A9A-E2D4-4050-8A7B-51BF2D939E37}.Release|Any CPU.ActiveCfg = Release|Any CPU
		{6CBF3A9A-E2D4-4050-8A7B-51BF2D939E37}.Release|Any CPU.Build.0 = Release|Any CPU
		{7BEA5EE2-1CD3-4EE1-A086-88985A3566F4}.Debug|Any CPU.ActiveCfg = Debug|Any CPU
		{7BEA5EE2-1CD3-4EE1-A086-88985A3566F4}.Debug|Any CPU.Build.0 = Debug|Any CPU
		{7BEA5EE2-1CD3-4EE1-A086-88985A3566F4}.Release|Any CPU.ActiveCfg = Release|Any CPU
		{7BEA5EE2-1CD3-4EE1-A086-88985A3566F4}.Release|Any CPU.Build.0 = Release|Any CPU
	EndGlobalSection
	GlobalSection(SolutionProperties) = preSolution
		HideSolutionNode = FALSE
	EndGlobalSection
	GlobalSection(ExtensibilityGlobals) = postSolution
		SolutionGuid = {F2630991-8D44-47B2-9890-87D8F72D36FE}
	EndGlobalSection
EndGlobal
