
Microsoft Visual Studio Solution File, Format Version 12.00
# Visual Studio Version 16
VisualStudioVersion = 16.0.30804.86
MinimumVisualStudioVersion = 10.0.40219.1
Project("{FAE04EC0-301F-11D3-BF4B-00C04F79EFBC}") = "FileExample", "FileExample\FileExample.csproj", "{6CBF3A9A-E2D4-4050-8A7B-51BF2D939E37}"
EndProject
Global
	GlobalSection(SolutionConfigurationPlatforms) = preSolution
		Debug|Any CPU = Debug|Any CPU
		Release|Any CPU = Release|Any CPU
	EndGlobalSection
	GlobalSection(ProjectConfigurationPlatforms) = postSolution
		{6CBF3A9A-E2D4-4050-8A7B-51BF2D939E37}.Debug|Any CPU.ActiveCfg = Debug|Any CPU
		{6CBF3A9A-E2D4-4050-8A7B-51BF2D939E37}.Debug|Any CPU.Build.0 = Debug|Any CPU
		{6CBF3A9A-E2D4-4050-8A7B-51BF2D939E37}.Release|Any CPU.ActiveCfg = Release|Any CPU
		{6CBF3A9A-E2D4-4050-8A7B-51BF2D939E37}.Release|Any CPU.Build.0 = Release|Any CPU
	EndGlobalSection
	GlobalSection(SolutionProperties) = preSolution
		HideSolutionNode = FALSE
	EndGlobalSection
	GlobalSection(ExtensibilityGlobals) = postSolution
		SolutionGuid = {F2630991-8D44-47B2-9890-87D8F72D36FE}
	EndGlobalSection
EndGlobal
