
Microsoft Visual Studio Solution File, Format Version 12.00
# Visual Studio Version 17
VisualStudioVersion = 17.1.32228.430
MinimumVisualStudioVersion = 10.0.40219.1
Project("{FAE04EC0-301F-11D3-BF4B-00C04F79EFBC}") = "WPF.Bindings", "WPF.Bindings\WPF.Bindings.csproj", "{47E9A1C8-3230-4585-8CD7-18481E8AF66F}"
EndProject
Global
	GlobalSection(SolutionConfigurationPlatforms) = preSolution
		Debug|Any CPU = Debug|Any CPU
		Release|Any CPU = Release|Any CPU
	EndGlobalSection
	GlobalSection(ProjectConfigurationPlatforms) = postSolution
		{47E9A1C8-3230-4585-8CD7-18481E8AF66F}.Debug|Any CPU.ActiveCfg = Debug|Any CPU
		{47E9A1C8-3230-4585-8CD7-18481E8AF66F}.Debug|Any CPU.Build.0 = Debug|Any CPU
		{47E9A1C8-3230-4585-8CD7-18481E8AF66F}.Release|Any CPU.ActiveCfg = Release|Any CPU
		{47E9A1C8-3230-4585-8CD7-18481E8AF66F}.Release|Any CPU.Build.0 = Release|Any CPU
	EndGlobalSection
	GlobalSection(SolutionProperties) = preSolution
		HideSolutionNode = FALSE
	EndGlobalSection
	GlobalSection(ExtensibilityGlobals) = postSolution
		SolutionGuid = {51533B78-01CD-43CB-ADB5-64A060C2753E}
	EndGlobalSection
EndGlobal
