
Microsoft Visual Studio Solution File, Format Version 12.00
# Visual Studio Version 16
VisualStudioVersion = 16.0.30503.244
MinimumVisualStudioVersion = 10.0.40219.1
Project("{FAE04EC0-301F-11D3-BF4B-00C04F79EFBC}") = "UsingDelegates", "UsingDelegates\UsingDelegates.csproj", "{78374DB2-1705-4C53-BDDD-2703140275FD}"
EndProject
Project("{FAE04EC0-301F-11D3-BF4B-00C04F79EFBC}") = "MulticastDelegate", "MulticastDelegate\MulticastDelegate.csproj", "{FA74A3CD-6534-40C3-A0E0-DC67B95B0ED1}"
EndProject
Project("{FAE04EC0-301F-11D3-BF4B-00C04F79EFBC}") = "CovarianceDelegate", "CovarianceDelegate\CovarianceDelegate.csproj", "{69263405-4C22-496D-9A03-CC6B91E3DC8F}"
EndProject
Project("{FAE04EC0-301F-11D3-BF4B-00C04F79EFBC}") = "ContravarianceDelegate", "ContravarianceDelegate\ContravarianceDelegate.csproj", "{021D4233-3C20-4309-99FD-983A32336CA8}"
EndProject
Project("{FAE04EC0-301F-11D3-BF4B-00C04F79EFBC}") = "DelegateHomework", "DelegateHomework\DelegateHomework.csproj", "{ED156453-4469-4619-A704-CEE2B5EE8C02}"
EndProject
Project("{FAE04EC0-301F-11D3-BF4B-00C04F79EFBC}") = "UsingDelegatesWithLambda", "UsingDelegatesWithLambda\UsingDelegatesWithLambda.csproj", "{CCEB5015-761A-43A5-B9F8-E85825B24FD6}"
EndProject
Project("{FAE04EC0-301F-11D3-BF4B-00C04F79EFBC}") = "UsingActionDelegate", "UsingActionDelegate\UsingActionDelegate.csproj", "{4211F425-E377-4746-B13F-FDBFC809980C}"
EndProject
Project("{FAE04EC0-301F-11D3-BF4B-00C04F79EFBC}") = "ExposeAnEvent", "ExposeAnEvent\ExposeAnEvent.csproj", "{1759F330-38CB-49CB-8FC6-E5A6F22F2F59}"
EndProject
Project("{FAE04EC0-301F-11D3-BF4B-00C04F79EFBC}") = "CustomEventArguments", "CustomEventArguments\CustomEventArguments.csproj", "{6EFF6F8C-CABE-4438-85BA-926826E9EE4D}"
EndProject
Project("{FAE04EC0-301F-11D3-BF4B-00C04F79EFBC}") = "CustomEventAccessor", "CustomEventAccessor\CustomEventAccessor.csproj", "{67DF965B-1BBD-4B10-9E33-1DFCBCF581A4}"
EndProject
Project("{FAE04EC0-301F-11D3-BF4B-00C04F79EFBC}") = "ExceptionRaisingEvent", "ExceptionRaisingEvent\ExceptionRaisingEvent.csproj", "{41577059-6DF7-4559-B93A-C4E173312006}"
EndProject
Project("{FAE04EC0-301F-11D3-BF4B-00C04F79EFBC}") = "ManuallyRisingEventExceptionHandling", "ManuallyRisingEventExceptionHandling\ManuallyRisingEventExceptionHandling.csproj", "{9302898E-39A7-4BC0-864F-DCF2526DBD40}"
EndProject
Global
	GlobalSection(SolutionConfigurationPlatforms) = preSolution
		Debug|Any CPU = Debug|Any CPU
		Release|Any CPU = Release|Any CPU
	EndGlobalSection
	GlobalSection(ProjectConfigurationPlatforms) = postSolution
		{78374DB2-1705-4C53-BDDD-2703140275FD}.Debug|Any CPU.ActiveCfg = Debug|Any CPU
		{78374DB2-1705-4C53-BDDD-2703140275FD}.Debug|Any CPU.Build.0 = Debug|Any CPU
		{78374DB2-1705-4C53-BDDD-2703140275FD}.Release|Any CPU.ActiveCfg = Release|Any CPU
		{78374DB2-1705-4C53-BDDD-2703140275FD}.Release|Any CPU.Build.0 = Release|Any CPU
		{FA74A3CD-6534-40C3-A0E0-DC67B95B0ED1}.Debug|Any CPU.ActiveCfg = Debug|Any CPU
		{FA74A3CD-6534-40C3-A0E0-DC67B95B0ED1}.Debug|Any CPU.Build.0 = Debug|Any CPU
		{FA74A3CD-6534-40C3-A0E0-DC67B95B0ED1}.Release|Any CPU.ActiveCfg = Release|Any CPU
		{FA74A3CD-6534-40C3-A0E0-DC67B95B0ED1}.Release|Any CPU.Build.0 = Release|Any CPU
		{69263405-4C22-496D-9A03-CC6B91E3DC8F}.Debug|Any CPU.ActiveCfg = Debug|Any CPU
		{69263405-4C22-496D-9A03-CC6B91E3DC8F}.Debug|Any CPU.Build.0 = Debug|Any CPU
		{69263405-4C22-496D-9A03-CC6B91E3DC8F}.Release|Any CPU.ActiveCfg = Release|Any CPU
		{69263405-4C22-496D-9A03-CC6B91E3DC8F}.Release|Any CPU.Build.0 = Release|Any CPU
		{021D4233-3C20-4309-99FD-983A32336CA8}.Debug|Any CPU.ActiveCfg = Debug|Any CPU
		{021D4233-3C20-4309-99FD-983A32336CA8}.Debug|Any CPU.Build.0 = Debug|Any CPU
		{021D4233-3C20-4309-99FD-983A32336CA8}.Release|Any CPU.ActiveCfg = Release|Any CPU
		{021D4233-3C20-4309-99FD-983A32336CA8}.Release|Any CPU.Build.0 = Release|Any CPU
		{ED156453-4469-4619-A704-CEE2B5EE8C02}.Debug|Any CPU.ActiveCfg = Debug|Any CPU
		{ED156453-4469-4619-A704-CEE2B5EE8C02}.Debug|Any CPU.Build.0 = Debug|Any CPU
		{ED156453-4469-4619-A704-CEE2B5EE8C02}.Release|Any CPU.ActiveCfg = Release|Any CPU
		{ED156453-4469-4619-A704-CEE2B5EE8C02}.Release|Any CPU.Build.0 = Release|Any CPU
		{CCEB5015-761A-43A5-B9F8-E85825B24FD6}.Debug|Any CPU.ActiveCfg = Debug|Any CPU
		{CCEB5015-761A-43A5-B9F8-E85825B24FD6}.Debug|Any CPU.Build.0 = Debug|Any CPU
		{CCEB5015-761A-43A5-B9F8-E85825B24FD6}.Release|Any CPU.ActiveCfg = Release|Any CPU
		{CCEB5015-761A-43A5-B9F8-E85825B24FD6}.Release|Any CPU.Build.0 = Release|Any CPU
		{4211F425-E377-4746-B13F-FDBFC809980C}.Debug|Any CPU.ActiveCfg = Debug|Any CPU
		{4211F425-E377-4746-B13F-FDBFC809980C}.Debug|Any CPU.Build.0 = Debug|Any CPU
		{4211F425-E377-4746-B13F-FDBFC809980C}.Release|Any CPU.ActiveCfg = Release|Any CPU
		{4211F425-E377-4746-B13F-FDBFC809980C}.Release|Any CPU.Build.0 = Release|Any CPU
		{1759F330-38CB-49CB-8FC6-E5A6F22F2F59}.Debug|Any CPU.ActiveCfg = Debug|Any CPU
		{1759F330-38CB-49CB-8FC6-E5A6F22F2F59}.Debug|Any CPU.Build.0 = Debug|Any CPU
		{1759F330-38CB-49CB-8FC6-E5A6F22F2F59}.Release|Any CPU.ActiveCfg = Release|Any CPU
		{1759F330-38CB-49CB-8FC6-E5A6F22F2F59}.Release|Any CPU.Build.0 = Release|Any CPU
		{6EFF6F8C-CABE-4438-85BA-926826E9EE4D}.Debug|Any CPU.ActiveCfg = Debug|Any CPU
		{6EFF6F8C-CABE-4438-85BA-926826E9EE4D}.Debug|Any CPU.Build.0 = Debug|Any CPU
		{6EFF6F8C-CABE-4438-85BA-926826E9EE4D}.Release|Any CPU.ActiveCfg = Release|Any CPU
		{6EFF6F8C-CABE-4438-85BA-926826E9EE4D}.Release|Any CPU.Build.0 = Release|Any CPU
		{67DF965B-1BBD-4B10-9E33-1DFCBCF581A4}.Debug|Any CPU.ActiveCfg = Debug|Any CPU
		{67DF965B-1BBD-4B10-9E33-1DFCBCF581A4}.Debug|Any CPU.Build.0 = Debug|Any CPU
		{67DF965B-1BBD-4B10-9E33-1DFCBCF581A4}.Release|Any CPU.ActiveCfg = Release|Any CPU
		{67DF965B-1BBD-4B10-9E33-1DFCBCF581A4}.Release|Any CPU.Build.0 = Release|Any CPU
		{41577059-6DF7-4559-B93A-C4E173312006}.Debug|Any CPU.ActiveCfg = Debug|Any CPU
		{41577059-6DF7-4559-B93A-C4E173312006}.Debug|Any CPU.Build.0 = Debug|Any CPU
		{41577059-6DF7-4559-B93A-C4E173312006}.Release|Any CPU.ActiveCfg = Release|Any CPU
		{41577059-6DF7-4559-B93A-C4E173312006}.Release|Any CPU.Build.0 = Release|Any CPU
		{9302898E-39A7-4BC0-864F-DCF2526DBD40}.Debug|Any CPU.ActiveCfg = Debug|Any CPU
		{9302898E-39A7-4BC0-864F-DCF2526DBD40}.Debug|Any CPU.Build.0 = Debug|Any CPU
		{9302898E-39A7-4BC0-864F-DCF2526DBD40}.Release|Any CPU.ActiveCfg = Release|Any CPU
		{9302898E-39A7-4BC0-864F-DCF2526DBD40}.Release|Any CPU.Build.0 = Release|Any CPU
	EndGlobalSection
	GlobalSection(SolutionProperties) = preSolution
		HideSolutionNode = FALSE
	EndGlobalSection
	GlobalSection(ExtensibilityGlobals) = postSolution
		SolutionGuid = {C69897B4-DDEE-4078-9EF8-42FAD75E1A85}
	EndGlobalSection
EndGlobal
