
Microsoft Visual Studio Solution File, Format Version 12.00
# Visual Studio Version 16
VisualStudioVersion = 16.0.30717.126
MinimumVisualStudioVersion = 10.0.40219.1
Project("{FAE04EC0-301F-11D3-BF4B-00C04F79EFBC}") = "MyFirstApp", "MyFirstApp\MyFirstApp.csproj", "{83AC1E0A-37B9-4932-9CBA-8BC3DE48778B}"
EndProject
Project("{FAE04EC0-301F-11D3-BF4B-00C04F79EFBC}") = "MySecondApp", "MySecondApp\MySecondApp.csproj", "{BA45863A-FD33-47E6-8219-C7A2FC881D18}"
EndProject
Global
	GlobalSection(SolutionConfigurationPlatforms) = preSolution
		Debug|Any CPU = Debug|Any CPU
		Release|Any CPU = Release|Any CPU
	EndGlobalSection
	GlobalSection(ProjectConfigurationPlatforms) = postSolution
		{83AC1E0A-37B9-4932-9CBA-8BC3DE48778B}.Debug|Any CPU.ActiveCfg = Debug|Any CPU
		{83AC1E0A-37B9-4932-9CBA-8BC3DE48778B}.Debug|Any CPU.Build.0 = Debug|Any CPU
		{83AC1E0A-37B9-4932-9CBA-8BC3DE48778B}.Release|Any CPU.ActiveCfg = Release|Any CPU
		{83AC1E0A-37B9-4932-9CBA-8BC3DE48778B}.Release|Any CPU.Build.0 = Release|Any CPU
		{BA45863A-FD33-47E6-8219-C7A2FC881D18}.Debug|Any CPU.ActiveCfg = Debug|Any CPU
		{BA45863A-FD33-47E6-8219-C7A2FC881D18}.Debug|Any CPU.Build.0 = Debug|Any CPU
		{BA45863A-FD33-47E6-8219-C7A2FC881D18}.Release|Any CPU.ActiveCfg = Release|Any CPU
		{BA45863A-FD33-47E6-8219-C7A2FC881D18}.Release|Any CPU.Build.0 = Release|Any CPU
	EndGlobalSection
	GlobalSection(SolutionProperties) = preSolution
		HideSolutionNode = FALSE
	EndGlobalSection
	GlobalSection(ExtensibilityGlobals) = postSolution
		SolutionGuid = {8A71231F-8B5A-4533-9389-1F977E1949FD}
	EndGlobalSection
EndGlobal
