
Microsoft Visual Studio Solution File, Format Version 12.00
# Visual Studio Version 16
VisualStudioVersion = 16.0.30804.86
MinimumVisualStudioVersion = 10.0.40219.1
Project("{FAE04EC0-301F-11D3-BF4B-00C04F79EFBC}") = "ConsoleIOExample", "ConsoleIOExample\ConsoleIOExample.csproj", "{202FACF6-1AEF-4949-8BBC-CEE9E7E69258}"
EndProject
Global
	GlobalSection(SolutionConfigurationPlatforms) = preSolution
		Debug|Any CPU = Debug|Any CPU
		Release|Any CPU = Release|Any CPU
	EndGlobalSection
	GlobalSection(ProjectConfigurationPlatforms) = postSolution
		{202FACF6-1AEF-4949-8BBC-CEE9E7E69258}.Debug|Any CPU.ActiveCfg = Debug|Any CPU
		{202FACF6-1AEF-4949-8BBC-CEE9E7E69258}.Debug|Any CPU.Build.0 = Debug|Any CPU
		{202FACF6-1AEF-4949-8BBC-CEE9E7E69258}.Release|Any CPU.ActiveCfg = Release|Any CPU
		{202FACF6-1AEF-4949-8BBC-CEE9E7E69258}.Release|Any CPU.Build.0 = Release|Any CPU
	EndGlobalSection
	GlobalSection(SolutionProperties) = preSolution
		HideSolutionNode = FALSE
	EndGlobalSection
	GlobalSection(ExtensibilityGlobals) = postSolution
		SolutionGuid = {2972DDD2-307B-43F5-935C-66EB68513700}
	EndGlobalSection
EndGlobal
