
Microsoft Visual Studio Solution File, Format Version 12.00
# Visual Studio Version 16
VisualStudioVersion = 16.0.31624.102
MinimumVisualStudioVersion = 10.0.40219.1
Project("{9A19103F-16F7-4668-BE54-9A1E7A4F7556}") = "ReflectionHomework", "ReflectionHomework\ReflectionHomework.csproj", "{3FE7F16B-10F5-47EA-A261-A5DF7BEB420A}"
EndProject
Project("{9A19103F-16F7-4668-BE54-9A1E7A4F7556}") = "MyClass", "MyClass\MyClass.csproj", "{077F7303-1D11-40B9-B403-CD784064DBE0}"
EndProject
Global
	GlobalSection(SolutionConfigurationPlatforms) = preSolution
		Debug|Any CPU = Debug|Any CPU
		Release|Any CPU = Release|Any CPU
	EndGlobalSection
	GlobalSection(ProjectConfigurationPlatforms) = postSolution
		{3FE7F16B-10F5-47EA-A261-A5DF7BEB420A}.Debug|Any CPU.ActiveCfg = Debug|Any CPU
		{3FE7F16B-10F5-47EA-A261-A5DF7BEB420A}.Debug|Any CPU.Build.0 = Debug|Any CPU
		{3FE7F16B-10F5-47EA-A261-A5DF7BEB420A}.Release|Any CPU.ActiveCfg = Release|Any CPU
		{3FE7F16B-10F5-47EA-A261-A5DF7BEB420A}.Release|Any CPU.Build.0 = Release|Any CPU
		{077F7303-1D11-40B9-B403-CD784064DBE0}.Debug|Any CPU.ActiveCfg = Debug|Any CPU
		{077F7303-1D11-40B9-B403-CD784064DBE0}.Debug|Any CPU.Build.0 = Debug|Any CPU
		{077F7303-1D11-40B9-B403-CD784064DBE0}.Release|Any CPU.ActiveCfg = Release|Any CPU
		{077F7303-1D11-40B9-B403-CD784064DBE0}.Release|Any CPU.Build.0 = Release|Any CPU
	EndGlobalSection
	GlobalSection(SolutionProperties) = preSolution
		HideSolutionNode = FALSE
	EndGlobalSection
	GlobalSection(ExtensibilityGlobals) = postSolution
		SolutionGuid = {B501FA9E-CABE-4CAE-931B-7DB2BD649021}
	EndGlobalSection
EndGlobal
