
Microsoft Visual Studio Solution File, Format Version 12.00
# Visual Studio Version 16
VisualStudioVersion = 16.0.30804.86
MinimumVisualStudioVersion = 10.0.40219.1
Project("{FAE04EC0-301F-11D3-BF4B-00C04F79EFBC}") = "ReferenceVsValuesExample", "ReferenceVsValuesExample\ReferenceVsValuesExample.csproj", "{DE3E214A-2BF7-4A6A-8B6F-41AB50024254}"
EndProject
Global
	GlobalSection(SolutionConfigurationPlatforms) = preSolution
		Debug|Any CPU = Debug|Any CPU
		Release|Any CPU = Release|Any CPU
	EndGlobalSection
	GlobalSection(ProjectConfigurationPlatforms) = postSolution
		{DE3E214A-2BF7-4A6A-8B6F-41AB50024254}.Debug|Any CPU.ActiveCfg = Debug|Any CPU
		{DE3E214A-2BF7-4A6A-8B6F-41AB50024254}.Debug|Any CPU.Build.0 = Debug|Any CPU
		{DE3E214A-2BF7-4A6A-8B6F-41AB50024254}.Release|Any CPU.ActiveCfg = Release|Any CPU
		{DE3E214A-2BF7-4A6A-8B6F-41AB50024254}.Release|Any CPU.Build.0 = Release|Any CPU
	EndGlobalSection
	GlobalSection(SolutionProperties) = preSolution
		HideSolutionNode = FALSE
	EndGlobalSection
	GlobalSection(ExtensibilityGlobals) = postSolution
		SolutionGuid = {A11B35CD-EDE1-4207-85BA-4E973CEF97B1}
	EndGlobalSection
EndGlobal
