
Microsoft Visual Studio Solution File, Format Version 12.00
# Visual Studio Version 16
VisualStudioVersion = 16.0.30204.135
MinimumVisualStudioVersion = 10.0.40219.1
Project("{FAE04EC0-301F-11D3-BF4B-00C04F79EFBC}") = "ReferenceVsValuesExample", "ReferenceVsValuesExample\ReferenceVsValuesExample.csproj", "{353F8E5F-2870-47CE-8156-783DD9C68DDB}"
EndProject
Global
	GlobalSection(SolutionConfigurationPlatforms) = preSolution
		Debug|Any CPU = Debug|Any CPU
		Release|Any CPU = Release|Any CPU
	EndGlobalSection
	GlobalSection(ProjectConfigurationPlatforms) = postSolution
		{353F8E5F-2870-47CE-8156-783DD9C68DDB}.Debug|Any CPU.ActiveCfg = Debug|Any CPU
		{353F8E5F-2870-47CE-8156-783DD9C68DDB}.Debug|Any CPU.Build.0 = Debug|Any CPU
		{353F8E5F-2870-47CE-8156-783DD9C68DDB}.Release|Any CPU.ActiveCfg = Release|Any CPU
		{353F8E5F-2870-47CE-8156-783DD9C68DDB}.Release|Any CPU.Build.0 = Release|Any CPU
	EndGlobalSection
	GlobalSection(SolutionProperties) = preSolution
		HideSolutionNode = FALSE
	EndGlobalSection
	GlobalSection(ExtensibilityGlobals) = postSolution
		SolutionGuid = {864AFCF6-6F62-43A1-8942-4382B4E2FE43}
	EndGlobalSection
EndGlobal
