
Microsoft Visual Studio Solution File, Format Version 12.00
# Visual Studio Version 16
VisualStudioVersion = 16.0.30225.117
MinimumVisualStudioVersion = 10.0.40219.1
Project("{FAE04EC0-301F-11D3-BF4B-00C04F79EFBC}") = "ThreadClassExample", "ThreadClassExample\ThreadClassExample.csproj", "{2162EC8D-D60C-4A1A-8E55-D81C582E0CC4}"
EndProject
Project("{FAE04EC0-301F-11D3-BF4B-00C04F79EFBC}") = "ThreadClassExercise", "ThreadClassExercise\ThreadClassExercise.csproj", "{38720C0C-AE06-4D69-878E-7AD32710D206}"
EndProject
Global
	GlobalSection(SolutionConfigurationPlatforms) = preSolution
		Debug|Any CPU = Debug|Any CPU
		Release|Any CPU = Release|Any CPU
	EndGlobalSection
	GlobalSection(ProjectConfigurationPlatforms) = postSolution
		{2162EC8D-D60C-4A1A-8E55-D81C582E0CC4}.Debug|Any CPU.ActiveCfg = Debug|Any CPU
		{2162EC8D-D60C-4A1A-8E55-D81C582E0CC4}.Debug|Any CPU.Build.0 = Debug|Any CPU
		{2162EC8D-D60C-4A1A-8E55-D81C582E0CC4}.Release|Any CPU.ActiveCfg = Release|Any CPU
		{2162EC8D-D60C-4A1A-8E55-D81C582E0CC4}.Release|Any CPU.Build.0 = Release|Any CPU
		{38720C0C-AE06-4D69-878E-7AD32710D206}.Debug|Any CPU.ActiveCfg = Debug|Any CPU
		{38720C0C-AE06-4D69-878E-7AD32710D206}.Debug|Any CPU.Build.0 = Debug|Any CPU
		{38720C0C-AE06-4D69-878E-7AD32710D206}.Release|Any CPU.ActiveCfg = Release|Any CPU
		{38720C0C-AE06-4D69-878E-7AD32710D206}.Release|Any CPU.Build.0 = Release|Any CPU
	EndGlobalSection
	GlobalSection(SolutionProperties) = preSolution
		HideSolutionNode = FALSE
	EndGlobalSection
	GlobalSection(ExtensibilityGlobals) = postSolution
		SolutionGuid = {99E742BB-82DB-4D7B-B160-2224E606D58C}
	EndGlobalSection
EndGlobal
