
Microsoft Visual Studio Solution File, Format Version 12.00
# Visual Studio Version 16
VisualStudioVersion = 16.0.30320.27
MinimumVisualStudioVersion = 10.0.40219.1
Project("{FAE04EC0-301F-11D3-BF4B-00C04F79EFBC}") = "UsingTasks", "UsingTasks\UsingTasks.csproj", "{F3B72A5E-DEF2-4605-BC04-908775185D38}"
EndProject
Project("{FAE04EC0-301F-11D3-BF4B-00C04F79EFBC}") = "UsingGenericTask", "UsingGenericTask\UsingGenericTask.csproj", "{0FA2DCD5-ECC6-4F09-91EF-EEB3FDACB785}"
EndProject
Project("{FAE04EC0-301F-11D3-BF4B-00C04F79EFBC}") = "UsingContinuationTasks", "UsingContinuationTasks\UsingContinuationTasks.csproj", "{49F3BF0F-E1B7-4206-8C3E-C174FE9C0F5E}"
EndProject
Project("{FAE04EC0-301F-11D3-BF4B-00C04F79EFBC}") = "UsingDifferentContinuationTasks", "UsingDifferentContinuationTasks\UsingDifferentContinuationTasks.csproj", "{52EB5DE8-872D-47CA-92AB-74665F2CB4DB}"
EndProject
Project("{FAE04EC0-301F-11D3-BF4B-00C04F79EFBC}") = "UsingChildTasks", "UsingChildTasks\UsingChildTasks.csproj", "{A341746F-F381-4512-871E-3B50ADCC3A89}"
EndProject
Project("{FAE04EC0-301F-11D3-BF4B-00C04F79EFBC}") = "UsingTaskFactory", "UsingTaskFactory\UsingTaskFactory.csproj", "{BEFB61B3-FB00-4B57-B1D0-737E76E29D8B}"
EndProject
Project("{FAE04EC0-301F-11D3-BF4B-00C04F79EFBC}") = "UsingWaitAll", "UsingWaitAll\UsingWaitAll.csproj", "{7F11CE8B-EA96-4C96-A5AC-FF68C1C49DF7}"
EndProject
Project("{FAE04EC0-301F-11D3-BF4B-00C04F79EFBC}") = "UsingWaitAny", "UsingWaitAny\UsingWaitAny.csproj", "{88FD98B2-521D-4AE7-AECD-3B9D2E2B6467}"
EndProject
Global
	GlobalSection(SolutionConfigurationPlatforms) = preSolution
		Debug|Any CPU = Debug|Any CPU
		Release|Any CPU = Release|Any CPU
	EndGlobalSection
	GlobalSection(ProjectConfigurationPlatforms) = postSolution
		{F3B72A5E-DEF2-4605-BC04-908775185D38}.Debug|Any CPU.ActiveCfg = Debug|Any CPU
		{F3B72A5E-DEF2-4605-BC04-908775185D38}.Debug|Any CPU.Build.0 = Debug|Any CPU
		{F3B72A5E-DEF2-4605-BC04-908775185D38}.Release|Any CPU.ActiveCfg = Release|Any CPU
		{F3B72A5E-DEF2-4605-BC04-908775185D38}.Release|Any CPU.Build.0 = Release|Any CPU
		{0FA2DCD5-ECC6-4F09-91EF-EEB3FDACB785}.Debug|Any CPU.ActiveCfg = Debug|Any CPU
		{0FA2DCD5-ECC6-4F09-91EF-EEB3FDACB785}.Debug|Any CPU.Build.0 = Debug|Any CPU
		{0FA2DCD5-ECC6-4F09-91EF-EEB3FDACB785}.Release|Any CPU.ActiveCfg = Release|Any CPU
		{0FA2DCD5-ECC6-4F09-91EF-EEB3FDACB785}.Release|Any CPU.Build.0 = Release|Any CPU
		{49F3BF0F-E1B7-4206-8C3E-C174FE9C0F5E}.Debug|Any CPU.ActiveCfg = Debug|Any CPU
		{49F3BF0F-E1B7-4206-8C3E-C174FE9C0F5E}.Debug|Any CPU.Build.0 = Debug|Any CPU
		{49F3BF0F-E1B7-4206-8C3E-C174FE9C0F5E}.Release|Any CPU.ActiveCfg = Release|Any CPU
		{49F3BF0F-E1B7-4206-8C3E-C174FE9C0F5E}.Release|Any CPU.Build.0 = Release|Any CPU
		{52EB5DE8-872D-47CA-92AB-74665F2CB4DB}.Debug|Any CPU.ActiveCfg = Debug|Any CPU
		{52EB5DE8-872D-47CA-92AB-74665F2CB4DB}.Debug|Any CPU.Build.0 = Debug|Any CPU
		{52EB5DE8-872D-47CA-92AB-74665F2CB4DB}.Release|Any CPU.ActiveCfg = Release|Any CPU
		{52EB5DE8-872D-47CA-92AB-74665F2CB4DB}.Release|Any CPU.Build.0 = Release|Any CPU
		{A341746F-F381-4512-871E-3B50ADCC3A89}.Debug|Any CPU.ActiveCfg = Debug|Any CPU
		{A341746F-F381-4512-871E-3B50ADCC3A89}.Debug|Any CPU.Build.0 = Debug|Any CPU
		{A341746F-F381-4512-871E-3B50ADCC3A89}.Release|Any CPU.ActiveCfg = Release|Any CPU
		{A341746F-F381-4512-871E-3B50ADCC3A89}.Release|Any CPU.Build.0 = Release|Any CPU
		{BEFB61B3-FB00-4B57-B1D0-737E76E29D8B}.Debug|Any CPU.ActiveCfg = Debug|Any CPU
		{BEFB61B3-FB00-4B57-B1D0-737E76E29D8B}.Debug|Any CPU.Build.0 = Debug|Any CPU
		{BEFB61B3-FB00-4B57-B1D0-737E76E29D8B}.Release|Any CPU.ActiveCfg = Release|Any CPU
		{BEFB61B3-FB00-4B57-B1D0-737E76E29D8B}.Release|Any CPU.Build.0 = Release|Any CPU
		{7F11CE8B-EA96-4C96-A5AC-FF68C1C49DF7}.Debug|Any CPU.ActiveCfg = Debug|Any CPU
		{7F11CE8B-EA96-4C96-A5AC-FF68C1C49DF7}.Debug|Any CPU.Build.0 = Debug|Any CPU
		{7F11CE8B-EA96-4C96-A5AC-FF68C1C49DF7}.Release|Any CPU.ActiveCfg = Release|Any CPU
		{7F11CE8B-EA96-4C96-A5AC-FF68C1C49DF7}.Release|Any CPU.Build.0 = Release|Any CPU
		{88FD98B2-521D-4AE7-AECD-3B9D2E2B6467}.Debug|Any CPU.ActiveCfg = Debug|Any CPU
		{88FD98B2-521D-4AE7-AECD-3B9D2E2B6467}.Debug|Any CPU.Build.0 = Debug|Any CPU
		{88FD98B2-521D-4AE7-AECD-3B9D2E2B6467}.Release|Any CPU.ActiveCfg = Release|Any CPU
		{88FD98B2-521D-4AE7-AECD-3B9D2E2B6467}.Release|Any CPU.Build.0 = Release|Any CPU
	EndGlobalSection
	GlobalSection(SolutionProperties) = preSolution
		HideSolutionNode = FALSE
	EndGlobalSection
	GlobalSection(ExtensibilityGlobals) = postSolution
		SolutionGuid = {346548AB-C066-4AE0-86AE-A28B57E62E73}
	EndGlobalSection
EndGlobal
