
Microsoft Visual Studio Solution File, Format Version 12.00
# Visual Studio Version 16
VisualStudioVersion = 16.0.31105.61
MinimumVisualStudioVersion = 10.0.40219.1
Project("{9A19103F-16F7-4668-BE54-9A1E7A4F7556}") = "SigningAssemblies", "SigningAssemblies\SigningAssemblies.csproj", "{28C7AE0B-4BEC-41F0-9FCD-72BDC7BA802B}"
EndProject
Project("{9A19103F-16F7-4668-BE54-9A1E7A4F7556}") = "RegularAssembly", "RegularAssemby\RegularAssembly.csproj", "{5BBEB4E7-A1B6-477F-BA2D-796E8313D012}"
EndProject
Project("{FAE04EC0-301F-11D3-BF4B-00C04F79EFBC}") = "AssemblyExample", "AssemblyExample\AssemblyExample.csproj", "{615E51AA-E1FD-4463-999A-D07BA457CB17}"
EndProject
Global
	GlobalSection(SolutionConfigurationPlatforms) = preSolution
		Debug|Any CPU = Debug|Any CPU
		Release|Any CPU = Release|Any CPU
	EndGlobalSection
	GlobalSection(ProjectConfigurationPlatforms) = postSolution
		{28C7AE0B-4BEC-41F0-9FCD-72BDC7BA802B}.Debug|Any CPU.ActiveCfg = Debug|Any CPU
		{28C7AE0B-4BEC-41F0-9FCD-72BDC7BA802B}.Debug|Any CPU.Build.0 = Debug|Any CPU
		{28C7AE0B-4BEC-41F0-9FCD-72BDC7BA802B}.Release|Any CPU.ActiveCfg = Release|Any CPU
		{28C7AE0B-4BEC-41F0-9FCD-72BDC7BA802B}.Release|Any CPU.Build.0 = Release|Any CPU
		{5BBEB4E7-A1B6-477F-BA2D-796E8313D012}.Debug|Any CPU.ActiveCfg = Debug|Any CPU
		{5BBEB4E7-A1B6-477F-BA2D-796E8313D012}.Debug|Any CPU.Build.0 = Debug|Any CPU
		{5BBEB4E7-A1B6-477F-BA2D-796E8313D012}.Release|Any CPU.ActiveCfg = Release|Any CPU
		{5BBEB4E7-A1B6-477F-BA2D-796E8313D012}.Release|Any CPU.Build.0 = Release|Any CPU
		{615E51AA-E1FD-4463-999A-D07BA457CB17}.Debug|Any CPU.ActiveCfg = Debug|Any CPU
		{615E51AA-E1FD-4463-999A-D07BA457CB17}.Debug|Any CPU.Build.0 = Debug|Any CPU
		{615E51AA-E1FD-4463-999A-D07BA457CB17}.Release|Any CPU.ActiveCfg = Release|Any CPU
		{615E51AA-E1FD-4463-999A-D07BA457CB17}.Release|Any CPU.Build.0 = Release|Any CPU
	EndGlobalSection
	GlobalSection(SolutionProperties) = preSolution
		HideSolutionNode = FALSE
	EndGlobalSection
	GlobalSection(ExtensibilityGlobals) = postSolution
		SolutionGuid = {F1CBE9FA-88A4-4456-B1DC-AE8271AD6A53}
	EndGlobalSection
EndGlobal
