
Microsoft Visual Studio Solution File, Format Version 12.00
# Visual Studio Version 16
VisualStudioVersion = 16.0.30320.27
MinimumVisualStudioVersion = 10.0.40219.1
Project("{FAE04EC0-301F-11D3-BF4B-00C04F79EFBC}") = "UsingAsParallel", "UsingAsParallel\UsingAsParallel.csproj", "{1B91AA61-C9AB-4DD0-8990-A8FB5CE31F05}"
EndProject
Project("{FAE04EC0-301F-11D3-BF4B-00C04F79EFBC}") = "OrderedParallelQuery", "OrderedParallelQuery\OrderedParallelQuery.csproj", "{3FE52C62-CFBD-4EB3-8C41-D4686620ED4C}"
EndProject
Project("{FAE04EC0-301F-11D3-BF4B-00C04F79EFBC}") = "ParallelQuerySequential", "ParallelQuerySequential\ParallelQuerySequential.csproj", "{4237C6B6-1630-4BF1-8F70-420126C6C3F2}"
EndProject
Project("{FAE04EC0-301F-11D3-BF4B-00C04F79EFBC}") = "UsingForAll", "UsingForAll\UsingForAll.csproj", "{D9189AD6-247C-49FE-B3FA-CD5F2A2440DA}"
EndProject
Project("{FAE04EC0-301F-11D3-BF4B-00C04F79EFBC}") = "CatchingAggregateException", "CatchingAggregateException\CatchingAggregateException.csproj", "{4F5F9A45-36A7-408B-BE7C-9FBB3B2B560A}"
EndProject
Global
	GlobalSection(SolutionConfigurationPlatforms) = preSolution
		Debug|Any CPU = Debug|Any CPU
		Release|Any CPU = Release|Any CPU
	EndGlobalSection
	GlobalSection(ProjectConfigurationPlatforms) = postSolution
		{1B91AA61-C9AB-4DD0-8990-A8FB5CE31F05}.Debug|Any CPU.ActiveCfg = Debug|Any CPU
		{1B91AA61-C9AB-4DD0-8990-A8FB5CE31F05}.Debug|Any CPU.Build.0 = Debug|Any CPU
		{1B91AA61-C9AB-4DD0-8990-A8FB5CE31F05}.Release|Any CPU.ActiveCfg = Release|Any CPU
		{1B91AA61-C9AB-4DD0-8990-A8FB5CE31F05}.Release|Any CPU.Build.0 = Release|Any CPU
		{3FE52C62-CFBD-4EB3-8C41-D4686620ED4C}.Debug|Any CPU.ActiveCfg = Debug|Any CPU
		{3FE52C62-CFBD-4EB3-8C41-D4686620ED4C}.Debug|Any CPU.Build.0 = Debug|Any CPU
		{3FE52C62-CFBD-4EB3-8C41-D4686620ED4C}.Release|Any CPU.ActiveCfg = Release|Any CPU
		{3FE52C62-CFBD-4EB3-8C41-D4686620ED4C}.Release|Any CPU.Build.0 = Release|Any CPU
		{4237C6B6-1630-4BF1-8F70-420126C6C3F2}.Debug|Any CPU.ActiveCfg = Debug|Any CPU
		{4237C6B6-1630-4BF1-8F70-420126C6C3F2}.Debug|Any CPU.Build.0 = Debug|Any CPU
		{4237C6B6-1630-4BF1-8F70-420126C6C3F2}.Release|Any CPU.ActiveCfg = Release|Any CPU
		{4237C6B6-1630-4BF1-8F70-420126C6C3F2}.Release|Any CPU.Build.0 = Release|Any CPU
		{D9189AD6-247C-49FE-B3FA-CD5F2A2440DA}.Debug|Any CPU.ActiveCfg = Debug|Any CPU
		{D9189AD6-247C-49FE-B3FA-CD5F2A2440DA}.Debug|Any CPU.Build.0 = Debug|Any CPU
		{D9189AD6-247C-49FE-B3FA-CD5F2A2440DA}.Release|Any CPU.ActiveCfg = Release|Any CPU
		{D9189AD6-247C-49FE-B3FA-CD5F2A2440DA}.Release|Any CPU.Build.0 = Release|Any CPU
		{4F5F9A45-36A7-408B-BE7C-9FBB3B2B560A}.Debug|Any CPU.ActiveCfg = Debug|Any CPU
		{4F5F9A45-36A7-408B-BE7C-9FBB3B2B560A}.Debug|Any CPU.Build.0 = Debug|Any CPU
		{4F5F9A45-36A7-408B-BE7C-9FBB3B2B560A}.Release|Any CPU.ActiveCfg = Release|Any CPU
		{4F5F9A45-36A7-408B-BE7C-9FBB3B2B560A}.Release|Any CPU.Build.0 = Release|Any CPU
	EndGlobalSection
	GlobalSection(SolutionProperties) = preSolution
		HideSolutionNode = FALSE
	EndGlobalSection
	GlobalSection(ExtensibilityGlobals) = postSolution
		SolutionGuid = {D92907F8-9C89-442F-A1D3-D5B3D75D98CA}
	EndGlobalSection
EndGlobal
