
Microsoft Visual Studio Solution File, Format Version 12.00
# Visual Studio Version 16
VisualStudioVersion = 16.0.30804.86
MinimumVisualStudioVersion = 10.0.40219.1
Project("{9A19103F-16F7-4668-BE54-9A1E7A4F7556}") = "UsingAsParallel", "UsingAsParallel\UsingAsParallel.csproj", "{18C46620-38AF-4110-A7F7-C26DBDBF249B}"
EndProject
Project("{9A19103F-16F7-4668-BE54-9A1E7A4F7556}") = "CatchingAggregateException", "CatchingAggregateException\CatchingAggregateException.csproj", "{DB2F745B-B64F-4966-B84F-A68D13E48273}"
EndProject
Project("{9A19103F-16F7-4668-BE54-9A1E7A4F7556}") = "OrderedParallelQuery", "OrderedParallelQuery\OrderedParallelQuery.csproj", "{B6247BFF-C82D-4C04-8ECB-98E1A988830D}"
EndProject
Project("{9A19103F-16F7-4668-BE54-9A1E7A4F7556}") = "ParallelQuerySequential", "ParallelQuerySequential\ParallelQuerySequential.csproj", "{FE548EDC-7C77-4CA2-A6F2-778CC86ADF9D}"
EndProject
Project("{9A19103F-16F7-4668-BE54-9A1E7A4F7556}") = "UsingForAll", "UsingForAll\UsingForAll.csproj", "{981158B9-F824-4510-92A5-E2A380F1AF1A}"
EndProject
Global
	GlobalSection(SolutionConfigurationPlatforms) = preSolution
		Debug|Any CPU = Debug|Any CPU
		Release|Any CPU = Release|Any CPU
	EndGlobalSection
	GlobalSection(ProjectConfigurationPlatforms) = postSolution
		{18C46620-38AF-4110-A7F7-C26DBDBF249B}.Debug|Any CPU.ActiveCfg = Debug|Any CPU
		{18C46620-38AF-4110-A7F7-C26DBDBF249B}.Debug|Any CPU.Build.0 = Debug|Any CPU
		{18C46620-38AF-4110-A7F7-C26DBDBF249B}.Release|Any CPU.ActiveCfg = Release|Any CPU
		{18C46620-38AF-4110-A7F7-C26DBDBF249B}.Release|Any CPU.Build.0 = Release|Any CPU
		{DB2F745B-B64F-4966-B84F-A68D13E48273}.Debug|Any CPU.ActiveCfg = Debug|Any CPU
		{DB2F745B-B64F-4966-B84F-A68D13E48273}.Debug|Any CPU.Build.0 = Debug|Any CPU
		{DB2F745B-B64F-4966-B84F-A68D13E48273}.Release|Any CPU.ActiveCfg = Release|Any CPU
		{DB2F745B-B64F-4966-B84F-A68D13E48273}.Release|Any CPU.Build.0 = Release|Any CPU
		{B6247BFF-C82D-4C04-8ECB-98E1A988830D}.Debug|Any CPU.ActiveCfg = Debug|Any CPU
		{B6247BFF-C82D-4C04-8ECB-98E1A988830D}.Debug|Any CPU.Build.0 = Debug|Any CPU
		{B6247BFF-C82D-4C04-8ECB-98E1A988830D}.Release|Any CPU.ActiveCfg = Release|Any CPU
		{B6247BFF-C82D-4C04-8ECB-98E1A988830D}.Release|Any CPU.Build.0 = Release|Any CPU
		{FE548EDC-7C77-4CA2-A6F2-778CC86ADF9D}.Debug|Any CPU.ActiveCfg = Debug|Any CPU
		{FE548EDC-7C77-4CA2-A6F2-778CC86ADF9D}.Debug|Any CPU.Build.0 = Debug|Any CPU
		{FE548EDC-7C77-4CA2-A6F2-778CC86ADF9D}.Release|Any CPU.ActiveCfg = Release|Any CPU
		{FE548EDC-7C77-4CA2-A6F2-778CC86ADF9D}.Release|Any CPU.Build.0 = Release|Any CPU
		{981158B9-F824-4510-92A5-E2A380F1AF1A}.Debug|Any CPU.ActiveCfg = Debug|Any CPU
		{981158B9-F824-4510-92A5-E2A380F1AF1A}.Debug|Any CPU.Build.0 = Debug|Any CPU
		{981158B9-F824-4510-92A5-E2A380F1AF1A}.Release|Any CPU.ActiveCfg = Release|Any CPU
		{981158B9-F824-4510-92A5-E2A380F1AF1A}.Release|Any CPU.Build.0 = Release|Any CPU
	EndGlobalSection
	GlobalSection(SolutionProperties) = preSolution
		HideSolutionNode = FALSE
	EndGlobalSection
	GlobalSection(ExtensibilityGlobals) = postSolution
		SolutionGuid = {B57D2FB4-CAD2-45DB-832B-D9C5895C1C72}
	EndGlobalSection
EndGlobal
