
Microsoft Visual Studio Solution File, Format Version 12.00
# Visual Studio Version 16
VisualStudioVersion = 16.0.30320.27
MinimumVisualStudioVersion = 10.0.40219.1
Project("{FAE04EC0-301F-11D3-BF4B-00C04F79EFBC}") = "UsingParallelClass", "UsingParallelClass\UsingParallelClass.csproj", "{EE00ACAD-9EA2-4C84-AD87-EDFED87B1417}"
EndProject
Project("{FAE04EC0-301F-11D3-BF4B-00C04F79EFBC}") = "UsingParallelBreak", "UsingParallelBreak\UsingParallelBreak.csproj", "{D37C9E9C-F460-4267-AB16-71E9777118D4}"
EndProject
Global
	GlobalSection(SolutionConfigurationPlatforms) = preSolution
		Debug|Any CPU = Debug|Any CPU
		Release|Any CPU = Release|Any CPU
	EndGlobalSection
	GlobalSection(ProjectConfigurationPlatforms) = postSolution
		{EE00ACAD-9EA2-4C84-AD87-EDFED87B1417}.Debug|Any CPU.ActiveCfg = Debug|Any CPU
		{EE00ACAD-9EA2-4C84-AD87-EDFED87B1417}.Debug|Any CPU.Build.0 = Debug|Any CPU
		{EE00ACAD-9EA2-4C84-AD87-EDFED87B1417}.Release|Any CPU.ActiveCfg = Release|Any CPU
		{EE00ACAD-9EA2-4C84-AD87-EDFED87B1417}.Release|Any CPU.Build.0 = Release|Any CPU
		{D37C9E9C-F460-4267-AB16-71E9777118D4}.Debug|Any CPU.ActiveCfg = Debug|Any CPU
		{D37C9E9C-F460-4267-AB16-71E9777118D4}.Debug|Any CPU.Build.0 = Debug|Any CPU
		{D37C9E9C-F460-4267-AB16-71E9777118D4}.Release|Any CPU.ActiveCfg = Release|Any CPU
		{D37C9E9C-F460-4267-AB16-71E9777118D4}.Release|Any CPU.Build.0 = Release|Any CPU
	EndGlobalSection
	GlobalSection(SolutionProperties) = preSolution
		HideSolutionNode = FALSE
	EndGlobalSection
	GlobalSection(ExtensibilityGlobals) = postSolution
		SolutionGuid = {FD94E465-AC59-4EE6-ABEB-3F7C71D77400}
	EndGlobalSection
EndGlobal
