
Microsoft Visual Studio Solution File, Format Version 12.00
# Visual Studio Version 16
VisualStudioVersion = 16.0.30804.86
MinimumVisualStudioVersion = 10.0.40219.1
Project("{9A19103F-16F7-4668-BE54-9A1E7A4F7556}") = "UsingParallelClass", "UsingParallelClass\UsingParallelClass.csproj", "{9EE28D5C-4391-445A-AEEF-5916F483F0A2}"
EndProject
Project("{9A19103F-16F7-4668-BE54-9A1E7A4F7556}") = "UsingParallelBreak", "UsingParallelBreak\UsingParallelBreak.csproj", "{54013DEE-37BD-463B-8955-B37B6AAA499B}"
EndProject
Global
	GlobalSection(SolutionConfigurationPlatforms) = preSolution
		Debug|Any CPU = Debug|Any CPU
		Release|Any CPU = Release|Any CPU
	EndGlobalSection
	GlobalSection(ProjectConfigurationPlatforms) = postSolution
		{9EE28D5C-4391-445A-AEEF-5916F483F0A2}.Debug|Any CPU.ActiveCfg = Debug|Any CPU
		{9EE28D5C-4391-445A-AEEF-5916F483F0A2}.Debug|Any CPU.Build.0 = Debug|Any CPU
		{9EE28D5C-4391-445A-AEEF-5916F483F0A2}.Release|Any CPU.ActiveCfg = Release|Any CPU
		{9EE28D5C-4391-445A-AEEF-5916F483F0A2}.Release|Any CPU.Build.0 = Release|Any CPU
		{54013DEE-37BD-463B-8955-B37B6AAA499B}.Debug|Any CPU.ActiveCfg = Debug|Any CPU
		{54013DEE-37BD-463B-8955-B37B6AAA499B}.Debug|Any CPU.Build.0 = Debug|Any CPU
		{54013DEE-37BD-463B-8955-B37B6AAA499B}.Release|Any CPU.ActiveCfg = Release|Any CPU
		{54013DEE-37BD-463B-8955-B37B6AAA499B}.Release|Any CPU.Build.0 = Release|Any CPU
	EndGlobalSection
	GlobalSection(SolutionProperties) = preSolution
		HideSolutionNode = FALSE
	EndGlobalSection
	GlobalSection(ExtensibilityGlobals) = postSolution
		SolutionGuid = {7396686A-C062-422E-A837-167EE44A4F2B}
	EndGlobalSection
EndGlobal
