
Microsoft Visual Studio Solution File, Format Version 12.00
# Visual Studio Version 16
VisualStudioVersion = 16.0.30717.126
MinimumVisualStudioVersion = 10.0.40219.1
Project("{9A19103F-16F7-4668-BE54-9A1E7A4F7556}") = "Lists", "Lists\Lists.csproj", "{1436EB27-BCB3-46C0-B685-5FA8ABBE3C86}"
EndProject
Project("{9A19103F-16F7-4668-BE54-9A1E7A4F7556}") = "Homework", "Homework\Homework.csproj", "{0B9CCF3F-7D2C-49F7-ABD6-A97EF31F664F}"
EndProject
Global
	GlobalSection(SolutionConfigurationPlatforms) = preSolution
		Debug|Any CPU = Debug|Any CPU
		Release|Any CPU = Release|Any CPU
	EndGlobalSection
	GlobalSection(ProjectConfigurationPlatforms) = postSolution
		{1436EB27-BCB3-46C0-B685-5FA8ABBE3C86}.Debug|Any CPU.ActiveCfg = Debug|Any CPU
		{1436EB27-BCB3-46C0-B685-5FA8ABBE3C86}.Debug|Any CPU.Build.0 = Debug|Any CPU
		{1436EB27-BCB3-46C0-B685-5FA8ABBE3C86}.Release|Any CPU.ActiveCfg = Release|Any CPU
		{1436EB27-BCB3-46C0-B685-5FA8ABBE3C86}.Release|Any CPU.Build.0 = Release|Any CPU
		{0B9CCF3F-7D2C-49F7-ABD6-A97EF31F664F}.Debug|Any CPU.ActiveCfg = Debug|Any CPU
		{0B9CCF3F-7D2C-49F7-ABD6-A97EF31F664F}.Debug|Any CPU.Build.0 = Debug|Any CPU
		{0B9CCF3F-7D2C-49F7-ABD6-A97EF31F664F}.Release|Any CPU.ActiveCfg = Release|Any CPU
		{0B9CCF3F-7D2C-49F7-ABD6-A97EF31F664F}.Release|Any CPU.Build.0 = Release|Any CPU
	EndGlobalSection
	GlobalSection(SolutionProperties) = preSolution
		HideSolutionNode = FALSE
	EndGlobalSection
	GlobalSection(ExtensibilityGlobals) = postSolution
		SolutionGuid = {0F9D3F75-6FC2-4F3C-9D87-3D818806AA13}
	EndGlobalSection
EndGlobal
