
Microsoft Visual Studio Solution File, Format Version 12.00
# Visual Studio Version 16
VisualStudioVersion = 16.0.30717.126
MinimumVisualStudioVersion = 10.0.40219.1
Project("{FAE04EC0-301F-11D3-BF4B-00C04F79EFBC}") = "CircleAreaCalculator", "CircleAreaCalculator\CircleAreaCalculator.csproj", "{5AF0C737-34B9-46CC-B5CB-44A377605BB5}"
EndProject
Global
	GlobalSection(SolutionConfigurationPlatforms) = preSolution
		Debug|Any CPU = Debug|Any CPU
		Release|Any CPU = Release|Any CPU
	EndGlobalSection
	GlobalSection(ProjectConfigurationPlatforms) = postSolution
		{5AF0C737-34B9-46CC-B5CB-44A377605BB5}.Debug|Any CPU.ActiveCfg = Debug|Any CPU
		{5AF0C737-34B9-46CC-B5CB-44A377605BB5}.Debug|Any CPU.Build.0 = Debug|Any CPU
		{5AF0C737-34B9-46CC-B5CB-44A377605BB5}.Release|Any CPU.ActiveCfg = Release|Any CPU
		{5AF0C737-34B9-46CC-B5CB-44A377605BB5}.Release|Any CPU.Build.0 = Release|Any CPU
	EndGlobalSection
	GlobalSection(SolutionProperties) = preSolution
		HideSolutionNode = FALSE
	EndGlobalSection
	GlobalSection(ExtensibilityGlobals) = postSolution
		SolutionGuid = {9682551D-96E3-4EFE-AC89-3BDB5EE7816D}
	EndGlobalSection
EndGlobal
