
Microsoft Visual Studio Solution File, Format Version 12.00
# Visual Studio Version 16
VisualStudioVersion = 16.0.31129.286
MinimumVisualStudioVersion = 10.0.40219.1
Project("{9A19103F-16F7-4668-BE54-9A1E7A4F7556}") = "BuildConfigurations", "BuildConfigurations\BuildConfigurations.csproj", "{911C718C-5ABA-48CD-82F7-23E0F1F1C266}"
EndProject
Project("{9A19103F-16F7-4668-BE54-9A1E7A4F7556}") = "CompilerDirectives", "CompilerDirectives\CompilerDirectives.csproj", "{F47F0712-4ABD-4A3E-89E4-03C76E06D9A8}"
EndProject
Project("{9A19103F-16F7-4668-BE54-9A1E7A4F7556}") = "PdbFiles", "PdbFiles\PdbFiles.csproj", "{FED414FE-A65D-469B-8C55-9ED678BCF487}"
EndProject
Project("{9A19103F-16F7-4668-BE54-9A1E7A4F7556}") = "Homework", "Homework\Homework.csproj", "{9DAC156B-B272-4B6C-82E3-58F1E1CB029E}"
EndProject
Global
	GlobalSection(SolutionConfigurationPlatforms) = preSolution
		Debug|Any CPU = Debug|Any CPU
		Release|Any CPU = Release|Any CPU
	EndGlobalSection
	GlobalSection(ProjectConfigurationPlatforms) = postSolution
		{911C718C-5ABA-48CD-82F7-23E0F1F1C266}.Debug|Any CPU.ActiveCfg = Debug|Any CPU
		{911C718C-5ABA-48CD-82F7-23E0F1F1C266}.Debug|Any CPU.Build.0 = Debug|Any CPU
		{911C718C-5ABA-48CD-82F7-23E0F1F1C266}.Release|Any CPU.ActiveCfg = Release|Any CPU
		{911C718C-5ABA-48CD-82F7-23E0F1F1C266}.Release|Any CPU.Build.0 = Release|Any CPU
		{F47F0712-4ABD-4A3E-89E4-03C76E06D9A8}.Debug|Any CPU.ActiveCfg = Debug|Any CPU
		{F47F0712-4ABD-4A3E-89E4-03C76E06D9A8}.Debug|Any CPU.Build.0 = Debug|Any CPU
		{F47F0712-4ABD-4A3E-89E4-03C76E06D9A8}.Release|Any CPU.ActiveCfg = Release|Any CPU
		{F47F0712-4ABD-4A3E-89E4-03C76E06D9A8}.Release|Any CPU.Build.0 = Release|Any CPU
		{FED414FE-A65D-469B-8C55-9ED678BCF487}.Debug|Any CPU.ActiveCfg = Debug|Any CPU
		{FED414FE-A65D-469B-8C55-9ED678BCF487}.Debug|Any CPU.Build.0 = Debug|Any CPU
		{FED414FE-A65D-469B-8C55-9ED678BCF487}.Release|Any CPU.ActiveCfg = Release|Any CPU
		{FED414FE-A65D-469B-8C55-9ED678BCF487}.Release|Any CPU.Build.0 = Release|Any CPU
		{9DAC156B-B272-4B6C-82E3-58F1E1CB029E}.Debug|Any CPU.ActiveCfg = Debug|Any CPU
		{9DAC156B-B272-4B6C-82E3-58F1E1CB029E}.Debug|Any CPU.Build.0 = Debug|Any CPU
		{9DAC156B-B272-4B6C-82E3-58F1E1CB029E}.Release|Any CPU.ActiveCfg = Release|Any CPU
		{9DAC156B-B272-4B6C-82E3-58F1E1CB029E}.Release|Any CPU.Build.0 = Release|Any CPU
	EndGlobalSection
	GlobalSection(SolutionProperties) = preSolution
		HideSolutionNode = FALSE
	EndGlobalSection
	GlobalSection(ExtensibilityGlobals) = postSolution
		SolutionGuid = {28CDCCC7-9397-45DD-9314-AB49EE20C957}
	EndGlobalSection
EndGlobal
