
Microsoft Visual Studio Solution File, Format Version 12.00
# Visual Studio Version 16
VisualStudioVersion = 16.0.30804.86
MinimumVisualStudioVersion = 10.0.40219.1
Project("{9A19103F-16F7-4668-BE54-9A1E7A4F7556}") = "UsingDelegatesEasy", "UsingDelegatesEasy\UsingDelegatesEasy.csproj", "{6842C3D8-3297-4162-A1F3-1BD384363CBB}"
EndProject
Project("{9A19103F-16F7-4668-BE54-9A1E7A4F7556}") = "AnonymousDelegate", "AnonymousDelegate\AnonymousDelegate.csproj", "{BD9313C0-FC41-4B80-BA8C-F2F1768D49A7}"
EndProject
Global
	GlobalSection(SolutionConfigurationPlatforms) = preSolution
		Debug|Any CPU = Debug|Any CPU
		Release|Any CPU = Release|Any CPU
	EndGlobalSection
	GlobalSection(ProjectConfigurationPlatforms) = postSolution
		{6842C3D8-3297-4162-A1F3-1BD384363CBB}.Debug|Any CPU.ActiveCfg = Debug|Any CPU
		{6842C3D8-3297-4162-A1F3-1BD384363CBB}.Debug|Any CPU.Build.0 = Debug|Any CPU
		{6842C3D8-3297-4162-A1F3-1BD384363CBB}.Release|Any CPU.ActiveCfg = Release|Any CPU
		{6842C3D8-3297-4162-A1F3-1BD384363CBB}.Release|Any CPU.Build.0 = Release|Any CPU
		{BD9313C0-FC41-4B80-BA8C-F2F1768D49A7}.Debug|Any CPU.ActiveCfg = Debug|Any CPU
		{BD9313C0-FC41-4B80-BA8C-F2F1768D49A7}.Debug|Any CPU.Build.0 = Debug|Any CPU
		{BD9313C0-FC41-4B80-BA8C-F2F1768D49A7}.Release|Any CPU.ActiveCfg = Release|Any CPU
		{BD9313C0-FC41-4B80-BA8C-F2F1768D49A7}.Release|Any CPU.Build.0 = Release|Any CPU
	EndGlobalSection
	GlobalSection(SolutionProperties) = preSolution
		HideSolutionNode = FALSE
	EndGlobalSection
	GlobalSection(ExtensibilityGlobals) = postSolution
		SolutionGuid = {EA71A3D3-9C26-4428-A1B2-EE0D43483462}
	EndGlobalSection
EndGlobal
