
Microsoft Visual Studio Solution File, Format Version 12.00
# Visual Studio Version 16
VisualStudioVersion = 16.0.30717.126
MinimumVisualStudioVersion = 10.0.40219.1
Project("{FAE04EC0-301F-11D3-BF4B-00C04F79EFBC}") = "StackAndQueues", "StackAndQueues\StackAndQueues.csproj", "{222DE5BE-DC99-4945-B8B6-E60B41679454}"
EndProject
Global
	GlobalSection(SolutionConfigurationPlatforms) = preSolution
		Debug|Any CPU = Debug|Any CPU
		Release|Any CPU = Release|Any CPU
	EndGlobalSection
	GlobalSection(ProjectConfigurationPlatforms) = postSolution
		{222DE5BE-DC99-4945-B8B6-E60B41679454}.Debug|Any CPU.ActiveCfg = Debug|Any CPU
		{222DE5BE-DC99-4945-B8B6-E60B41679454}.Debug|Any CPU.Build.0 = Debug|Any CPU
		{222DE5BE-DC99-4945-B8B6-E60B41679454}.Release|Any CPU.ActiveCfg = Release|Any CPU
		{222DE5BE-DC99-4945-B8B6-E60B41679454}.Release|Any CPU.Build.0 = Release|Any CPU
	EndGlobalSection
	GlobalSection(SolutionProperties) = preSolution
		HideSolutionNode = FALSE
	EndGlobalSection
	GlobalSection(ExtensibilityGlobals) = postSolution
		SolutionGuid = {F4906841-642F-4DC7-8E73-75CB23E8C5D9}
	EndGlobalSection
EndGlobal
