
Microsoft Visual Studio Solution File, Format Version 12.00
# Visual Studio Version 17
VisualStudioVersion = 17.8.34322.80
MinimumVisualStudioVersion = 10.0.40219.1
Project("{FAE04EC0-301F-11D3-BF4B-00C04F79EFBC}") = "PrimaryConstructorsExample", "PrimaryConstructorsExample\PrimaryConstructorsExample.csproj", "{782C0AAD-D281-49F1-81ED-FFB5ADD87FC5}"
EndProject
Global
	GlobalSection(SolutionConfigurationPlatforms) = preSolution
		Debug|Any CPU = Debug|Any CPU
		Release|Any CPU = Release|Any CPU
	EndGlobalSection
	GlobalSection(ProjectConfigurationPlatforms) = postSolution
		{782C0AAD-D281-49F1-81ED-FFB5ADD87FC5}.Debug|Any CPU.ActiveCfg = Debug|Any CPU
		{782C0AAD-D281-49F1-81ED-FFB5ADD87FC5}.Debug|Any CPU.Build.0 = Debug|Any CPU
		{782C0AAD-D281-49F1-81ED-FFB5ADD87FC5}.Release|Any CPU.ActiveCfg = Release|Any CPU
		{782C0AAD-D281-49F1-81ED-FFB5ADD87FC5}.Release|Any CPU.Build.0 = Release|Any CPU
	EndGlobalSection
	GlobalSection(SolutionProperties) = preSolution
		HideSolutionNode = FALSE
	EndGlobalSection
	GlobalSection(ExtensibilityGlobals) = postSolution
		SolutionGuid = {719B232A-1159-41E5-A2F3-31F0E77125FF}
	EndGlobalSection
EndGlobal
