
Microsoft Visual Studio Solution File, Format Version 12.00
# Visual Studio Version 16
VisualStudioVersion = 16.0.30517.126
MinimumVisualStudioVersion = 10.0.40219.1
Project("{FAE04EC0-301F-11D3-BF4B-00C04F79EFBC}") = "ConsoleApp", "ConsoleApp\ConsoleApp.csproj", "{3CE42C81-92A3-4570-98B6-9FF8AC743F3D}"
EndProject
Global
	GlobalSection(SolutionConfigurationPlatforms) = preSolution
		Debug|Any CPU = Debug|Any CPU
		Release|Any CPU = Release|Any CPU
	EndGlobalSection
	GlobalSection(ProjectConfigurationPlatforms) = postSolution
		{3CE42C81-92A3-4570-98B6-9FF8AC743F3D}.Debug|Any CPU.ActiveCfg = Debug|Any CPU
		{3CE42C81-92A3-4570-98B6-9FF8AC743F3D}.Debug|Any CPU.Build.0 = Debug|Any CPU
		{3CE42C81-92A3-4570-98B6-9FF8AC743F3D}.Release|Any CPU.ActiveCfg = Release|Any CPU
		{3CE42C81-92A3-4570-98B6-9FF8AC743F3D}.Release|Any CPU.Build.0 = Release|Any CPU
	EndGlobalSection
	GlobalSection(SolutionProperties) = preSolution
		HideSolutionNode = FALSE
	EndGlobalSection
	GlobalSection(ExtensibilityGlobals) = postSolution
		SolutionGuid = {B357FB43-C643-4842-A570-79DA96DA329C}
	EndGlobalSection
EndGlobal
