
Microsoft Visual Studio Solution File, Format Version 12.00
# Visual Studio Version 16
VisualStudioVersion = 16.0.30517.126
MinimumVisualStudioVersion = 10.0.40219.1
Project("{FAE04EC0-301F-11D3-BF4B-00C04F79EFBC}") = "UsingEnums", "TypesAdvanced\UsingEnums.csproj", "{564CCF78-32A7-447A-9213-096C90120894}"
EndProject
Project("{FAE04EC0-301F-11D3-BF4B-00C04F79EFBC}") = "GenericNullableimplementation", "GenericNullableimplementation\GenericNullableimplementation.csproj", "{B72DD897-CA9D-4464-8D35-85BE1FB459E2}"
EndProject
Project("{FAE04EC0-301F-11D3-BF4B-00C04F79EFBC}") = "UsingWhereClause", "UsingWhereClause\UsingWhereClause.csproj", "{BF372D4A-1EC7-4867-BBA9-6B585F4F8F6B}"
EndProject
Project("{FAE04EC0-301F-11D3-BF4B-00C04F79EFBC}") = "CreatingExtensionMethod", "CreatingExtensionMethod\CreatingExtensionMethod.csproj", "{A62AF885-217F-426C-B0C9-D79429BABD64}"
EndProject
Project("{FAE04EC0-301F-11D3-BF4B-00C04F79EFBC}") = "OverridingVirtualMethod", "OverridingVirtualMethod\OverridingVirtualMethod.csproj", "{F980B8DB-B67E-42A6-8FA1-DAC677996C70}"
EndProject
Project("{FAE04EC0-301F-11D3-BF4B-00C04F79EFBC}") = "UsingSealedKeyword", "UsingSealedKeyword\UsingSealedKeyword.csproj", "{03BDE8FE-3167-499D-9D5C-8687F6AA1495}"
EndProject
Project("{FAE04EC0-301F-11D3-BF4B-00C04F79EFBC}") = "ExportingDataToExcel", "ExportingDataToExcel\ExportingDataToExcel.csproj", "{0A9A2D7F-D094-4F8D-A4E7-EA4B2705B2B6}"
EndProject
Project("{FAE04EC0-301F-11D3-BF4B-00C04F79EFBC}") = "CreatingCustomDynamicObject", "CreatingCustomDynamicObject\CreatingCustomDynamicObject.csproj", "{79049890-2051-4F7F-8C98-02D9855E3D8C}"
EndProject
Global
	GlobalSection(SolutionConfigurationPlatforms) = preSolution
		Debug|Any CPU = Debug|Any CPU
		Release|Any CPU = Release|Any CPU
	EndGlobalSection
	GlobalSection(ProjectConfigurationPlatforms) = postSolution
		{564CCF78-32A7-447A-9213-096C90120894}.Debug|Any CPU.ActiveCfg = Debug|Any CPU
		{564CCF78-32A7-447A-9213-096C90120894}.Debug|Any CPU.Build.0 = Debug|Any CPU
		{564CCF78-32A7-447A-9213-096C90120894}.Release|Any CPU.ActiveCfg = Release|Any CPU
		{564CCF78-32A7-447A-9213-096C90120894}.Release|Any CPU.Build.0 = Release|Any CPU
		{B72DD897-CA9D-4464-8D35-85BE1FB459E2}.Debug|Any CPU.ActiveCfg = Debug|Any CPU
		{B72DD897-CA9D-4464-8D35-85BE1FB459E2}.Debug|Any CPU.Build.0 = Debug|Any CPU
		{B72DD897-CA9D-4464-8D35-85BE1FB459E2}.Release|Any CPU.ActiveCfg = Release|Any CPU
		{B72DD897-CA9D-4464-8D35-85BE1FB459E2}.Release|Any CPU.Build.0 = Release|Any CPU
		{BF372D4A-1EC7-4867-BBA9-6B585F4F8F6B}.Debug|Any CPU.ActiveCfg = Debug|Any CPU
		{BF372D4A-1EC7-4867-BBA9-6B585F4F8F6B}.Debug|Any CPU.Build.0 = Debug|Any CPU
		{BF372D4A-1EC7-4867-BBA9-6B585F4F8F6B}.Release|Any CPU.ActiveCfg = Release|Any CPU
		{BF372D4A-1EC7-4867-BBA9-6B585F4F8F6B}.Release|Any CPU.Build.0 = Release|Any CPU
		{A62AF885-217F-426C-B0C9-D79429BABD64}.Debug|Any CPU.ActiveCfg = Debug|Any CPU
		{A62AF885-217F-426C-B0C9-D79429BABD64}.Debug|Any CPU.Build.0 = Debug|Any CPU
		{A62AF885-217F-426C-B0C9-D79429BABD64}.Release|Any CPU.ActiveCfg = Release|Any CPU
		{A62AF885-217F-426C-B0C9-D79429BABD64}.Release|Any CPU.Build.0 = Release|Any CPU
		{F980B8DB-B67E-42A6-8FA1-DAC677996C70}.Debug|Any CPU.ActiveCfg = Debug|Any CPU
		{F980B8DB-B67E-42A6-8FA1-DAC677996C70}.Debug|Any CPU.Build.0 = Debug|Any CPU
		{F980B8DB-B67E-42A6-8FA1-DAC677996C70}.Release|Any CPU.ActiveCfg = Release|Any CPU
		{F980B8DB-B67E-42A6-8FA1-DAC677996C70}.Release|Any CPU.Build.0 = Release|Any CPU
		{03BDE8FE-3167-499D-9D5C-8687F6AA1495}.Debug|Any CPU.ActiveCfg = Debug|Any CPU
		{03BDE8FE-3167-499D-9D5C-8687F6AA1495}.Debug|Any CPU.Build.0 = Debug|Any CPU
		{03BDE8FE-3167-499D-9D5C-8687F6AA1495}.Release|Any CPU.ActiveCfg = Release|Any CPU
		{03BDE8FE-3167-499D-9D5C-8687F6AA1495}.Release|Any CPU.Build.0 = Release|Any CPU
		{0A9A2D7F-D094-4F8D-A4E7-EA4B2705B2B6}.Debug|Any CPU.ActiveCfg = Debug|Any CPU
		{0A9A2D7F-D094-4F8D-A4E7-EA4B2705B2B6}.Debug|Any CPU.Build.0 = Debug|Any CPU
		{0A9A2D7F-D094-4F8D-A4E7-EA4B2705B2B6}.Release|Any CPU.ActiveCfg = Release|Any CPU
		{0A9A2D7F-D094-4F8D-A4E7-EA4B2705B2B6}.Release|Any CPU.Build.0 = Release|Any CPU
		{79049890-2051-4F7F-8C98-02D9855E3D8C}.Debug|Any CPU.ActiveCfg = Debug|Any CPU
		{79049890-2051-4F7F-8C98-02D9855E3D8C}.Debug|Any CPU.Build.0 = Debug|Any CPU
		{79049890-2051-4F7F-8C98-02D9855E3D8C}.Release|Any CPU.ActiveCfg = Release|Any CPU
		{79049890-2051-4F7F-8C98-02D9855E3D8C}.Release|Any CPU.Build.0 = Release|Any CPU
	EndGlobalSection
	GlobalSection(SolutionProperties) = preSolution
		HideSolutionNode = FALSE
	EndGlobalSection
	GlobalSection(ExtensibilityGlobals) = postSolution
		SolutionGuid = {CD2473C9-FAC1-4B55-AE65-09EBE96A4ED9}
	EndGlobalSection
EndGlobal
