
Microsoft Visual Studio Solution File, Format Version 12.00
# Visual Studio Version 16
VisualStudioVersion = 16.0.31313.79
MinimumVisualStudioVersion = 10.0.40219.1
Project("{9A19103F-16F7-4668-BE54-9A1E7A4F7556}") = "UsingDebugClass", "UsingDebugClass\UsingDebugClass.csproj", "{57E4CB6F-4A81-4984-B9B3-F7F38EAA35B8}"
EndProject
Project("{9A19103F-16F7-4668-BE54-9A1E7A4F7556}") = "UsingTraceSourceClass", "UsingTraceSourceClass\UsingTraceSourceClass.csproj", "{90796FDB-5AEB-4880-BD56-F0060DAE9F4F}"
EndProject
Project("{9A19103F-16F7-4668-BE54-9A1E7A4F7556}") = "ConfiguringTraceListener", "ConfiguringTraceListener\ConfiguringTraceListener.csproj", "{E183D88B-25A5-479A-8C09-64533599DC2A}"
EndProject
Project("{FAE04EC0-301F-11D3-BF4B-00C04F79EFBC}") = "WritingDataToEventLog", "WritingDataToEventLog\WritingDataToEventLog.csproj", "{9A32F19F-33E3-49CB-82B8-FF4BE1E40E89}"
EndProject
Project("{FAE04EC0-301F-11D3-BF4B-00C04F79EFBC}") = "ReadingDataFromEventLog.", "ReadingDataFromEventLog\ReadingDataFromEventLog..csproj", "{FCF8C7E1-5FA0-40DE-902C-EE96D92EAAFB}"
EndProject
Project("{FAE04EC0-301F-11D3-BF4B-00C04F79EFBC}") = "WritingDataToEventLog2", "WritingDataToEventLog2\WritingDataToEventLog2.csproj", "{EA5A33FD-9309-4A21-9972-D7432C8A6E39}"
EndProject
Project("{FAE04EC0-301F-11D3-BF4B-00C04F79EFBC}") = "UsingStopWatchClass", "UsingStopWatchClass\UsingStopWatchClass.csproj", "{A86361E9-58E3-4055-8742-3BDFD7D67BB2}"
EndProject
Project("{FAE04EC0-301F-11D3-BF4B-00C04F79EFBC}") = "ReadingFromPerformanceCounter", "ReadingFromPerformanceCounter\ReadingFromPerformanceCounter.csproj", "{00F8198A-5563-4EA1-835A-66696290B65C}"
EndProject
Project("{FAE04EC0-301F-11D3-BF4B-00C04F79EFBC}") = "ReadingFromPerformanceCounter2", "ReadingFromPerformanceCounter2\ReadingFromPerformanceCounter2.csproj", "{DACC8D6D-2ABE-432E-B9B0-8CB8848F0159}"
EndProject
Global
	GlobalSection(SolutionConfigurationPlatforms) = preSolution
		Debug|Any CPU = Debug|Any CPU
		Release|Any CPU = Release|Any CPU
	EndGlobalSection
	GlobalSection(ProjectConfigurationPlatforms) = postSolution
		{57E4CB6F-4A81-4984-B9B3-F7F38EAA35B8}.Debug|Any CPU.ActiveCfg = Debug|Any CPU
		{57E4CB6F-4A81-4984-B9B3-F7F38EAA35B8}.Debug|Any CPU.Build.0 = Debug|Any CPU
		{57E4CB6F-4A81-4984-B9B3-F7F38EAA35B8}.Release|Any CPU.ActiveCfg = Release|Any CPU
		{57E4CB6F-4A81-4984-B9B3-F7F38EAA35B8}.Release|Any CPU.Build.0 = Release|Any CPU
		{90796FDB-5AEB-4880-BD56-F0060DAE9F4F}.Debug|Any CPU.ActiveCfg = Debug|Any CPU
		{90796FDB-5AEB-4880-BD56-F0060DAE9F4F}.Debug|Any CPU.Build.0 = Debug|Any CPU
		{90796FDB-5AEB-4880-BD56-F0060DAE9F4F}.Release|Any CPU.ActiveCfg = Release|Any CPU
		{90796FDB-5AEB-4880-BD56-F0060DAE9F4F}.Release|Any CPU.Build.0 = Release|Any CPU
		{E183D88B-25A5-479A-8C09-64533599DC2A}.Debug|Any CPU.ActiveCfg = Debug|Any CPU
		{E183D88B-25A5-479A-8C09-64533599DC2A}.Debug|Any CPU.Build.0 = Debug|Any CPU
		{E183D88B-25A5-479A-8C09-64533599DC2A}.Release|Any CPU.ActiveCfg = Release|Any CPU
		{E183D88B-25A5-479A-8C09-64533599DC2A}.Release|Any CPU.Build.0 = Release|Any CPU
		{9A32F19F-33E3-49CB-82B8-FF4BE1E40E89}.Debug|Any CPU.ActiveCfg = Debug|Any CPU
		{9A32F19F-33E3-49CB-82B8-FF4BE1E40E89}.Debug|Any CPU.Build.0 = Debug|Any CPU
		{9A32F19F-33E3-49CB-82B8-FF4BE1E40E89}.Release|Any CPU.ActiveCfg = Release|Any CPU
		{9A32F19F-33E3-49CB-82B8-FF4BE1E40E89}.Release|Any CPU.Build.0 = Release|Any CPU
		{FCF8C7E1-5FA0-40DE-902C-EE96D92EAAFB}.Debug|Any CPU.ActiveCfg = Debug|Any CPU
		{FCF8C7E1-5FA0-40DE-902C-EE96D92EAAFB}.Debug|Any CPU.Build.0 = Debug|Any CPU
		{FCF8C7E1-5FA0-40DE-902C-EE96D92EAAFB}.Release|Any CPU.ActiveCfg = Release|Any CPU
		{FCF8C7E1-5FA0-40DE-902C-EE96D92EAAFB}.Release|Any CPU.Build.0 = Release|Any CPU
		{EA5A33FD-9309-4A21-9972-D7432C8A6E39}.Debug|Any CPU.ActiveCfg = Debug|Any CPU
		{EA5A33FD-9309-4A21-9972-D7432C8A6E39}.Debug|Any CPU.Build.0 = Debug|Any CPU
		{EA5A33FD-9309-4A21-9972-D7432C8A6E39}.Release|Any CPU.ActiveCfg = Release|Any CPU
		{EA5A33FD-9309-4A21-9972-D7432C8A6E39}.Release|Any CPU.Build.0 = Release|Any CPU
		{A86361E9-58E3-4055-8742-3BDFD7D67BB2}.Debug|Any CPU.ActiveCfg = Debug|Any CPU
		{A86361E9-58E3-4055-8742-3BDFD7D67BB2}.Debug|Any CPU.Build.0 = Debug|Any CPU
		{A86361E9-58E3-4055-8742-3BDFD7D67BB2}.Release|Any CPU.ActiveCfg = Release|Any CPU
		{A86361E9-58E3-4055-8742-3BDFD7D67BB2}.Release|Any CPU.Build.0 = Release|Any CPU
		{00F8198A-5563-4EA1-835A-66696290B65C}.Debug|Any CPU.ActiveCfg = Debug|Any CPU
		{00F8198A-5563-4EA1-835A-66696290B65C}.Debug|Any CPU.Build.0 = Debug|Any CPU
		{00F8198A-5563-4EA1-835A-66696290B65C}.Release|Any CPU.ActiveCfg = Release|Any CPU
		{00F8198A-5563-4EA1-835A-66696290B65C}.Release|Any CPU.Build.0 = Release|Any CPU
		{DACC8D6D-2ABE-432E-B9B0-8CB8848F0159}.Debug|Any CPU.ActiveCfg = Debug|Any CPU
		{DACC8D6D-2ABE-432E-B9B0-8CB8848F0159}.Debug|Any CPU.Build.0 = Debug|Any CPU
		{DACC8D6D-2ABE-432E-B9B0-8CB8848F0159}.Release|Any CPU.ActiveCfg = Release|Any CPU
		{DACC8D6D-2ABE-432E-B9B0-8CB8848F0159}.Release|Any CPU.Build.0 = Release|Any CPU
	EndGlobalSection
	GlobalSection(SolutionProperties) = preSolution
		HideSolutionNode = FALSE
	EndGlobalSection
	GlobalSection(ExtensibilityGlobals) = postSolution
		SolutionGuid = {2C970D48-6F65-4961-98E4-589FA559B764}
	EndGlobalSection
EndGlobal
