
Microsoft Visual Studio Solution File, Format Version 12.00
# Visual Studio Version 16
VisualStudioVersion = 16.0.30804.86
MinimumVisualStudioVersion = 10.0.40219.1
Project("{FAE04EC0-301F-11D3-BF4B-00C04F79EFBC}") = "SamplePolymorphism", "SamplePolymorphism\SamplePolymorphism.csproj", "{5DD3E89B-2852-4D38-B8F6-FC048665173B}"
EndProject
Global
	GlobalSection(SolutionConfigurationPlatforms) = preSolution
		Debug|Any CPU = Debug|Any CPU
		Release|Any CPU = Release|Any CPU
	EndGlobalSection
	GlobalSection(ProjectConfigurationPlatforms) = postSolution
		{5DD3E89B-2852-4D38-B8F6-FC048665173B}.Debug|Any CPU.ActiveCfg = Debug|Any CPU
		{5DD3E89B-2852-4D38-B8F6-FC048665173B}.Debug|Any CPU.Build.0 = Debug|Any CPU
		{5DD3E89B-2852-4D38-B8F6-FC048665173B}.Release|Any CPU.ActiveCfg = Release|Any CPU
		{5DD3E89B-2852-4D38-B8F6-FC048665173B}.Release|Any CPU.Build.0 = Release|Any CPU
	EndGlobalSection
	GlobalSection(SolutionProperties) = preSolution
		HideSolutionNode = FALSE
	EndGlobalSection
	GlobalSection(ExtensibilityGlobals) = postSolution
		SolutionGuid = {25BCCFA1-C22E-47E7-AD5A-62009D61D8EE}
	EndGlobalSection
EndGlobal
