
Microsoft Visual Studio Solution File, Format Version 12.00
# Visual Studio Version 17
VisualStudioVersion = 17.3.32804.467
MinimumVisualStudioVersion = 10.0.40219.1
Project("{9A19103F-16F7-4668-BE54-9A1E7A4F7556}") = "WPF.DPExample", "WPF.DPExample\WPF.DPExample.csproj", "{348B90C5-3B48-4911-9A4B-DCF573A90DF9}"
EndProject
Global
	GlobalSection(SolutionConfigurationPlatforms) = preSolution
		Debug|Any CPU = Debug|Any CPU
		Release|Any CPU = Release|Any CPU
	EndGlobalSection
	GlobalSection(ProjectConfigurationPlatforms) = postSolution
		{348B90C5-3B48-4911-9A4B-DCF573A90DF9}.Debug|Any CPU.ActiveCfg = Debug|Any CPU
		{348B90C5-3B48-4911-9A4B-DCF573A90DF9}.Debug|Any CPU.Build.0 = Debug|Any CPU
		{348B90C5-3B48-4911-9A4B-DCF573A90DF9}.Release|Any CPU.ActiveCfg = Release|Any CPU
		{348B90C5-3B48-4911-9A4B-DCF573A90DF9}.Release|Any CPU.Build.0 = Release|Any CPU
	EndGlobalSection
	GlobalSection(SolutionProperties) = preSolution
		HideSolutionNode = FALSE
	EndGlobalSection
	GlobalSection(ExtensibilityGlobals) = postSolution
		SolutionGuid = {2E02A6C2-D1D0-45B5-9D2D-BE7779E3BE44}
	EndGlobalSection
EndGlobal
