
Microsoft Visual Studio Solution File, Format Version 12.00
# Visual Studio Version 16
VisualStudioVersion = 16.0.31624.102
MinimumVisualStudioVersion = 10.0.40219.1
Project("{9A19103F-16F7-4668-BE54-9A1E7A4F7556}") = "ValidatingApplicationInputs", "ValidatingApplicationInputs\ValidatingApplicationInputs.csproj", "{C4B464F9-D479-4D93-96E8-2490A18032CB}"
EndProject
Project("{9A19103F-16F7-4668-BE54-9A1E7A4F7556}") = "HomeworkResolved", "HomeworkResolved\HomeworkResolved.csproj", "{D05DCCD1-88A8-4CCB-A249-7A7F9A5FA2BB}"
EndProject
Global
	GlobalSection(SolutionConfigurationPlatforms) = preSolution
		Debug|Any CPU = Debug|Any CPU
		Release|Any CPU = Release|Any CPU
	EndGlobalSection
	GlobalSection(ProjectConfigurationPlatforms) = postSolution
		{C4B464F9-D479-4D93-96E8-2490A18032CB}.Debug|Any CPU.ActiveCfg = Debug|Any CPU
		{C4B464F9-D479-4D93-96E8-2490A18032CB}.Debug|Any CPU.Build.0 = Debug|Any CPU
		{C4B464F9-D479-4D93-96E8-2490A18032CB}.Release|Any CPU.ActiveCfg = Release|Any CPU
		{C4B464F9-D479-4D93-96E8-2490A18032CB}.Release|Any CPU.Build.0 = Release|Any CPU
		{D05DCCD1-88A8-4CCB-A249-7A7F9A5FA2BB}.Debug|Any CPU.ActiveCfg = Debug|Any CPU
		{D05DCCD1-88A8-4CCB-A249-7A7F9A5FA2BB}.Debug|Any CPU.Build.0 = Debug|Any CPU
		{D05DCCD1-88A8-4CCB-A249-7A7F9A5FA2BB}.Release|Any CPU.ActiveCfg = Release|Any CPU
		{D05DCCD1-88A8-4CCB-A249-7A7F9A5FA2BB}.Release|Any CPU.Build.0 = Release|Any CPU
	EndGlobalSection
	GlobalSection(SolutionProperties) = preSolution
		HideSolutionNode = FALSE
	EndGlobalSection
	GlobalSection(ExtensibilityGlobals) = postSolution
		SolutionGuid = {E98192C0-B865-4F03-A410-88935C51CD0E}
	EndGlobalSection
EndGlobal
