
Microsoft Visual Studio Solution File, Format Version 12.00
# Visual Studio Version 17
VisualStudioVersion = 17.0.31903.59
MinimumVisualStudioVersion = 10.0.40219.1
Project("{FAE04EC0-301F-11D3-BF4B-00C04F79EFBC}") = "MyWpfApp", "MyWpfApp\MyWpfApp.csproj", "{8EBD16BB-771A-42E8-959E-1EF683E8AA98}"
EndProject
Global
	GlobalSection(SolutionConfigurationPlatforms) = preSolution
		Debug|Any CPU = Debug|Any CPU
		Release|Any CPU = Release|Any CPU
	EndGlobalSection
	GlobalSection(ProjectConfigurationPlatforms) = postSolution
		{8EBD16BB-771A-42E8-959E-1EF683E8AA98}.Debug|Any CPU.ActiveCfg = Debug|Any CPU
		{8EBD16BB-771A-42E8-959E-1EF683E8AA98}.Debug|Any CPU.Build.0 = Debug|Any CPU
		{8EBD16BB-771A-42E8-959E-1EF683E8AA98}.Release|Any CPU.ActiveCfg = Release|Any CPU
		{8EBD16BB-771A-42E8-959E-1EF683E8AA98}.Release|Any CPU.Build.0 = Release|Any CPU
	EndGlobalSection
	GlobalSection(SolutionProperties) = preSolution
		HideSolutionNode = FALSE
	EndGlobalSection
	GlobalSection(ExtensibilityGlobals) = postSolution
		SolutionGuid = {5E9F1D59-E196-456B-964C-05FF9FDD28ED}
	EndGlobalSection
EndGlobal
