
Microsoft Visual Studio Solution File, Format Version 12.00
# Visual Studio Version 16
VisualStudioVersion = 16.0.30717.126
MinimumVisualStudioVersion = 10.0.40219.1
Project("{FAE04EC0-301F-11D3-BF4B-00C04F79EFBC}") = "MessagePrinter", "MessagePrinter\MessagePrinter.csproj", "{E297E9A5-5C31-4CDD-97E2-C8F363324CE0}"
EndProject
Global
	GlobalSection(SolutionConfigurationPlatforms) = preSolution
		Debug|Any CPU = Debug|Any CPU
		Release|Any CPU = Release|Any CPU
	EndGlobalSection
	GlobalSection(ProjectConfigurationPlatforms) = postSolution
		{E297E9A5-5C31-4CDD-97E2-C8F363324CE0}.Debug|Any CPU.ActiveCfg = Debug|Any CPU
		{E297E9A5-5C31-4CDD-97E2-C8F363324CE0}.Debug|Any CPU.Build.0 = Debug|Any CPU
		{E297E9A5-5C31-4CDD-97E2-C8F363324CE0}.Release|Any CPU.ActiveCfg = Release|Any CPU
		{E297E9A5-5C31-4CDD-97E2-C8F363324CE0}.Release|Any CPU.Build.0 = Release|Any CPU
	EndGlobalSection
	GlobalSection(SolutionProperties) = preSolution
		HideSolutionNode = FALSE
	EndGlobalSection
	GlobalSection(ExtensibilityGlobals) = postSolution
		SolutionGuid = {7BCA2A20-0723-42C7-BA7D-36595F211DB0}
	EndGlobalSection
EndGlobal
