
Microsoft Visual Studio Solution File, Format Version 12.00
# Visual Studio Version 17
VisualStudioVersion = 17.0.31903.59
MinimumVisualStudioVersion = 10.0.40219.1
Project("{9A19103F-16F7-4668-BE54-9A1E7A4F7556}") = "EnumExample", "EnumExample\EnumExample.csproj", "{CAEFD0BD-B134-4E46-97D1-51688DB64974}"
EndProject
Global
	GlobalSection(SolutionConfigurationPlatforms) = preSolution
		Debug|Any CPU = Debug|Any CPU
		Release|Any CPU = Release|Any CPU
	EndGlobalSection
	GlobalSection(ProjectConfigurationPlatforms) = postSolution
		{CAEFD0BD-B134-4E46-97D1-51688DB64974}.Debug|Any CPU.ActiveCfg = Debug|Any CPU
		{CAEFD0BD-B134-4E46-97D1-51688DB64974}.Debug|Any CPU.Build.0 = Debug|Any CPU
		{CAEFD0BD-B134-4E46-97D1-51688DB64974}.Release|Any CPU.ActiveCfg = Release|Any CPU
		{CAEFD0BD-B134-4E46-97D1-51688DB64974}.Release|Any CPU.Build.0 = Release|Any CPU
	EndGlobalSection
	GlobalSection(SolutionProperties) = preSolution
		HideSolutionNode = FALSE
	EndGlobalSection
	GlobalSection(ExtensibilityGlobals) = postSolution
		SolutionGuid = {27ADF115-E63A-4E64-A634-DE8543297C2B}
	EndGlobalSection
EndGlobal
